// !$*UTF8*$!
{
	archiveVersion = 1;
	classes = {
	};
	objectVersion = 50;
	objects = {

/* Begin PBXBuildFile section */
		0EB7A2DF2175F21E0075C750 /* AppDelegate.m in Sources */ = {isa = PBXBuildFile; fileRef = 0EB7A2DE2175F21E0075C750 /* AppDelegate.m */; };
		0EB7A2E22175F21E0075C750 /* ViewController.m in Sources */ = {isa = PBXBuildFile; fileRef = 0EB7A2E12175F21E0075C750 /* ViewController.m */; };
		0EB7A2E52175F21E0075C750 /* Main.storyboard in Resources */ = {isa = PBXBuildFile; fileRef = 0EB7A2E32175F21E0075C750 /* Main.storyboard */; };
		0EB7A2E72175F21F0075C750 /* Assets.xcassets in Resources */ = {isa = PBXBuildFile; fileRef = 0EB7A2E62175F21F0075C750 /* Assets.xcassets */; };
		0EB7A2EA2175F21F0075C750 /* LaunchScreen.storyboard in Resources */ = {isa = PBXBuildFile; fileRef = 0EB7A2E82175F21F0075C750 /* LaunchScreen.storyboard */; };
		0EB7A2ED2175F21F0075C750 /* main.m in Sources */ = {isa = PBXBuildFile; fileRef = 0EB7A2EC2175F21F0075C750 /* main.m */; };
		0EB7A2F72175F21F0075C750 /* IMUITests.m in Sources */ = {isa = PBXBuildFile; fileRef = 0EB7A2F62175F21F0075C750 /* IMUITests.m */; };
		0EB7A3082175F2AF0075C750 /* MD5Tool.m in Sources */ = {isa = PBXBuildFile; fileRef = 0EB7A3042175F2AF0075C750 /* MD5Tool.m */; };
/* End PBXBuildFile section */

/* Begin PBXContainerItemProxy section */
		0EB7A2F32175F21F0075C750 /* PBXContainerItemProxy */ = {
			isa = PBXContainerItemProxy;
			containerPortal = 0EB7A2D22175F21E0075C750 /* Project object */;
			proxyType = 1;
			remoteGlobalIDString = 0EB7A2D92175F21E0075C750;
			remoteInfo = IM;
		};
/* End PBXContainerItemProxy section */

/* Begin PBXFileReference section */
		0EB7A2DA2175F21E0075C750 /* IM.app */ = {isa = PBXFileReference; explicitFileType = wrapper.application; includeInIndex = 0; path = IM.app; sourceTree = BUILT_PRODUCTS_DIR; };
		0EB7A2DD2175F21E0075C750 /* AppDelegate.h */ = {isa = PBXFileReference; lastKnownFileType = sourcecode.c.h; path = AppDelegate.h; sourceTree = "<group>"; };
		0EB7A2DE2175F21E0075C750 /* AppDelegate.m */ = {isa = PBXFileReference; lastKnownFileType = sourcecode.c.objc; path = AppDelegate.m; sourceTree = "<group>"; };
		0EB7A2E02175F21E0075C750 /* ViewController.h */ = {isa = PBXFileReference; lastKnownFileType = sourcecode.c.h; path = ViewController.h; sourceTree = "<group>"; };
		0EB7A2E12175F21E0075C750 /* ViewController.m */ = {isa = PBXFileReference; lastKnownFileType = sourcecode.c.objc; path = ViewController.m; sourceTree = "<group>"; };
		0EB7A2E42175F21E0075C750 /* Base */ = {isa = PBXFileReference; lastKnownFileType = file.storyboard; name = Base; path = Base.lproj/Main.storyboard; sourceTree = "<group>"; };
		0EB7A2E62175F21F0075C750 /* Assets.xcassets */ = {isa = PBXFileReference; lastKnownFileType = folder.assetcatalog; path = Assets.xcassets; sourceTree = "<group>"; };
		0EB7A2E92175F21F0075C750 /* Base */ = {isa = PBXFileReference; lastKnownFileType = file.storyboard; name = Base; path = Base.lproj/LaunchScreen.storyboard; sourceTree = "<group>"; };
		0EB7A2EB2175F21F0075C750 /* Info.plist */ = {isa = PBXFileReference; lastKnownFileType = text.plist.xml; path = Info.plist; sourceTree = "<group>"; };
		0EB7A2EC2175F21F0075C750 /* main.m */ = {isa = PBXFileReference; lastKnownFileType = sourcecode.c.objc; path = main.m; sourceTree = "<group>"; };
		0EB7A2F22175F21F0075C750 /* IMUITests.xctest */ = {isa = PBXFileReference; explicitFileType = wrapper.cfbundle; includeInIndex = 0; path = IMUITests.xctest; sourceTree = BUILT_PRODUCTS_DIR; };
		0EB7A2F62175F21F0075C750 /* IMUITests.m */ = {isa = PBXFileReference; lastKnownFileType = sourcecode.c.objc; path = IMUITests.m; sourceTree = "<group>"; };
		0EB7A2F82175F21F0075C750 /* Info.plist */ = {isa = PBXFileReference; lastKnownFileType = text.plist.xml; path = Info.plist; sourceTree = "<group>"; };
		0EB7A3042175F2AF0075C750 /* MD5Tool.m */ = {isa = PBXFileReference; fileEncoding = 4; lastKnownFileType = sourcecode.c.objc; path = MD5Tool.m; sourceTree = "<group>"; };
		0EB7A3052175F2AF0075C750 /* MD5Tool.h */ = {isa = PBXFileReference; fileEncoding = 4; lastKnownFileType = sourcecode.c.h; path = MD5Tool.h; sourceTree = "<group>"; };
/* End PBXFileReference section */

/* Begin PBXFrameworksBuildPhase section */
		0EB7A2D72175F21E0075C750 /* Frameworks */ = {
			isa = PBXFrameworksBuildPhase;
			buildActionMask = 2147483647;
			files = (
			);
			runOnlyForDeploymentPostprocessing = 0;
		};
		0EB7A2EF2175F21F0075C750 /* Frameworks */ = {
			isa = PBXFrameworksBuildPhase;
			buildActionMask = 2147483647;
			files = (
			);
			runOnlyForDeploymentPostprocessing = 0;
		};
/* End PBXFrameworksBuildPhase section */

/* Begin PBXGroup section */
		0EB7A2D12175F21E0075C750 = {
			isa = PBXGroup;
			children = (
				0EB7A2DC2175F21E0075C750 /* IM */,
				0EB7A2F52175F21F0075C750 /* IMUITests */,
				0EB7A2DB2175F21E0075C750 /* Products */,
			);
			sourceTree = "<group>";
		};
		0EB7A2DB2175F21E0075C750 /* Products */ = {
			isa = PBXGroup;
			children = (
				0EB7A2DA2175F21E0075C750 /* IM.app */,
				0EB7A2F22175F21F0075C750 /* IMUITests.xctest */,
			);
			name = Products;
			sourceTree = "<group>";
		};
		0EB7A2DC2175F21E0075C750 /* IM */ = {
			isa = PBXGroup;
			children = (
				0EB7A3022175F2AF0075C750 /* Core */,
				0EB7A3012175F2290075C750 /* Source */,
				0EB7A2DD2175F21E0075C750 /* AppDelegate.h */,
				0EB7A2DE2175F21E0075C750 /* AppDelegate.m */,
				0EB7A2E02175F21E0075C750 /* ViewController.h */,
				0EB7A2E12175F21E0075C750 /* ViewController.m */,
				0EB7A2EC2175F21F0075C750 /* main.m */,
			);
			path = IM;
			sourceTree = "<group>";
		};
		0EB7A2F52175F21F0075C750 /* IMUITests */ = {
			isa = PBXGroup;
			children = (
				0EB7A2F62175F21F0075C750 /* IMUITests.m */,
				0EB7A2F82175F21F0075C750 /* Info.plist */,
			);
			path = IMUITests;
			sourceTree = "<group>";
		};
		0EB7A3012175F2290075C750 /* Source */ = {
			isa = PBXGroup;
			children = (
				0EB7A2E32175F21E0075C750 /* Main.storyboard */,
				0EB7A2E62175F21F0075C750 /* Assets.xcassets */,
				0EB7A2E82175F21F0075C750 /* LaunchScreen.storyboard */,
				0EB7A2EB2175F21F0075C750 /* Info.plist */,
			);
			path = Source;
			sourceTree = "<group>";
		};
		0EB7A3022175F2AF0075C750 /* Core */ = {
			isa = PBXGroup;
			children = (
				0EB7A3032175F2AF0075C750 /* Tools */,
				0EB7A3062175F2AF0075C750 /* Category */,
				0EB7A3072175F2AF0075C750 /* Protocols */,
			);
			path = Core;
			sourceTree = "<group>";
		};
		0EB7A3032175F2AF0075C750 /* Tools */ = {
			isa = PBXGroup;
			children = (
				0EB7A3042175F2AF0075C750 /* MD5Tool.m */,
				0EB7A3052175F2AF0075C750 /* MD5Tool.h */,
			);
			path = Tools;
			sourceTree = "<group>";
		};
		0EB7A3062175F2AF0075C750 /* Category */ = {
			isa = PBXGroup;
			children = (
			);
			path = Category;
			sourceTree = "<group>";
		};
		0EB7A3072175F2AF0075C750 /* Protocols */ = {
			isa = PBXGroup;
			children = (
			);
			path = Protocols;
			sourceTree = "<group>";
		};
/* End PBXGroup section */

/* Begin PBXNativeTarget section */
		0EB7A2D92175F21E0075C750 /* IM */ = {
			isa = PBXNativeTarget;
			buildConfigurationList = 0EB7A2FB2175F21F0075C750 /* Build configuration list for PBXNativeTarget "IM" */;
			buildPhases = (
				0EB7A2D62175F21E0075C750 /* Sources */,
				0EB7A2D72175F21E0075C750 /* Frameworks */,
				0EB7A2D82175F21E0075C750 /* Resources */,
			);
			buildRules = (
			);
			dependencies = (
			);
			name = IM;
			productName = IM;
			productReference = 0EB7A2DA2175F21E0075C750 /* IM.app */;
			productType = "com.apple.product-type.application";
		};
		0EB7A2F12175F21F0075C750 /* IMUITests */ = {
			isa = PBXNativeTarget;
			buildConfigurationList = 0EB7A2FE2175F21F0075C750 /* Build configuration list for PBXNativeTarget "IMUITests" */;
			buildPhases = (
				0EB7A2EE2175F21F0075C750 /* Sources */,
				0EB7A2EF2175F21F0075C750 /* Frameworks */,
				0EB7A2F02175F21F0075C750 /* Resources */,
			);
			buildRules = (
			);
			dependencies = (
				0EB7A2F42175F21F0075C750 /* PBXTargetDependency */,
			);
			name = IMUITests;
			productName = IMUITests;
			productReference = 0EB7A2F22175F21F0075C750 /* IMUITests.xctest */;
			productType = "com.apple.product-type.bundle.ui-testing";
		};
/* End PBXNativeTarget section */

/* Begin PBXProject section */
		0EB7A2D22175F21E0075C750 /* Project object */ = {
			isa = PBXProject;
			attributes = {
				LastUpgradeCheck = 1000;
				ORGANIZATIONNAME = "贺俊孟";
				TargetAttributes = {
					0EB7A2D92175F21E0075C750 = {
						CreatedOnToolsVersion = 10.0;
					};
					0EB7A2F12175F21F0075C750 = {
						CreatedOnToolsVersion = 10.0;
						TestTargetID = 0EB7A2D92175F21E0075C750;
					};
				};
			};
			buildConfigurationList = 0EB7A2D52175F21E0075C750 /* Build configuration list for PBXProject "IM" */;
			compatibilityVersion = "Xcode 9.3";
			developmentRegion = en;
			hasScannedForEncodings = 0;
			knownRegions = (
				en,
				Base,
			);
			mainGroup = 0EB7A2D12175F21E0075C750;
			productRefGroup = 0EB7A2DB2175F21E0075C750 /* Products */;
			projectDirPath = "";
			projectRoot = "";
			targets = (
				0EB7A2D92175F21E0075C750 /* IM */,
				0EB7A2F12175F21F0075C750 /* IMUITests */,
			);
		};
/* End PBXProject section */

/* Begin PBXResourcesBuildPhase section */
		0EB7A2D82175F21E0075C750 /* Resources */ = {
			isa = PBXResourcesBuildPhase;
			buildActionMask = 2147483647;
			files = (
				0EB7A2EA2175F21F0075C750 /* LaunchScreen.storyboard in Resources */,
				0EB7A2E72175F21F0075C750 /* Assets.xcassets in Resources */,
				0EB7A2E52175F21E0075C750 /* Main.storyboard in Resources */,
			);
			runOnlyForDeploymentPostprocessing = 0;
		};
		0EB7A2F02175F21F0075C750 /* Resources */ = {
			isa = PBXResourcesBuildPhase;
			buildActionMask = 2147483647;
			files = (
			);
			runOnlyForDeploymentPostprocessing = 0;
		};
/* End PBXResourcesBuildPhase section */

/* Begin PBXSourcesBuildPhase section */
		0EB7A2D62175F21E0075C750 /* Sources */ = {
			isa = PBXSourcesBuildPhase;
			buildActionMask = 2147483647;
			files = (
				0EB7A3082175F2AF0075C750 /* MD5Tool.m in Sources */,
				0EB7A2E22175F21E0075C750 /* ViewController.m in Sources */,
				0EB7A2ED2175F21F0075C750 /* main.m in Sources */,
				0EB7A2DF2175F21E0075C750 /* AppDelegate.m in Sources */,
			);
			runOnlyForDeploymentPostprocessing = 0;
		};
		0EB7A2EE2175F21F0075C750 /* Sources */ = {
			isa = PBXSourcesBuildPhase;
			buildActionMask = 2147483647;
			files = (
				0EB7A2F72175F21F0075C750 /* IMUITests.m in Sources */,
			);
			runOnlyForDeploymentPostprocessing = 0;
		};
/* End PBXSourcesBuildPhase section */

/* Begin PBXTargetDependency section */
		0EB7A2F42175F21F0075C750 /* PBXTargetDependency */ = {
			isa = PBXTargetDependency;
			target = 0EB7A2D92175F21E0075C750 /* IM */;
			targetProxy = 0EB7A2F32175F21F0075C750 /* PBXContainerItemProxy */;
		};
/* End PBXTargetDependency section */

/* Begin PBXVariantGroup section */
		0EB7A2E32175F21E0075C750 /* Main.storyboard */ = {
			isa = PBXVariantGroup;
			children = (
				0EB7A2E42175F21E0075C750 /* Base */,
			);
			name = Main.storyboard;
			sourceTree = "<group>";
		};
		0EB7A2E82175F21F0075C750 /* LaunchScreen.storyboard */ = {
			isa = PBXVariantGroup;
			children = (
				0EB7A2E92175F21F0075C750 /* Base */,
			);
			name = LaunchScreen.storyboard;
			sourceTree = "<group>";
		};
/* End PBXVariantGroup section */

/* Begin XCBuildConfiguration section */
		0EB7A2F92175F21F0075C750 /* Debug */ = {
			isa = XCBuildConfiguration;
			buildSettings = {
				ALWAYS_SEARCH_USER_PATHS = NO;
				CLANG_ANALYZER_NONNULL = YES;
				CLANG_ANALYZER_NUMBER_OBJECT_CONVERSION = YES_AGGRESSIVE;
				CLANG_CXX_LANGUAGE_STANDARD = "gnu++14";
				CLANG_CXX_LIBRARY = "libc++";
				CLANG_ENABLE_MODULES = YES;
				CLANG_ENABLE_OBJC_ARC = YES;
				CLANG_ENABLE_OBJC_WEAK = YES;
				CLANG_WARN_BLOCK_CAPTURE_AUTORELEASING = YES;
				CLANG_WARN_BOOL_CONVERSION = YES;
				CLANG_WARN_COMMA = YES;
				CLANG_WARN_CONSTANT_CONVERSION = YES;
				CLANG_WARN_DEPRECATED_OBJC_IMPLEMENTATIONS = YES;
				CLANG_WARN_DIRECT_OBJC_ISA_USAGE = YES_ERROR;
				CLANG_WARN_DOCUMENTATION_COMMENTS = YES;
				CLANG_WARN_EMPTY_BODY = YES;
				CLANG_WARN_ENUM_CONVERSION = YES;
				CLANG_WARN_INFINITE_RECURSION = YES;
				CLANG_WARN_INT_CONVERSION = YES;
				CLANG_WARN_NON_LITERAL_NULL_CONVERSION = YES;
				CLANG_WARN_OBJC_IMPLICIT_RETAIN_SELF = YES;
				CLANG_WARN_OBJC_LITERAL_CONVERSION = YES;
				CLANG_WARN_OBJC_ROOT_CLASS = YES_ERROR;
				CLANG_WARN_RANGE_LOOP_ANALYSIS = YES;
				CLANG_WARN_STRICT_PROTOTYPES = YES;
				CLANG_WARN_SUSPICIOUS_MOVE = YES;
				CLANG_WARN_UNGUARDED_AVAILABILITY = YES_AGGRESSIVE;
				CLANG_WARN_UNREACHABLE_CODE = YES;
				CLANG_WARN__DUPLICATE_METHOD_MATCH = YES;
				CODE_SIGN_IDENTITY = "iPhone Developer";
				COPY_PHASE_STRIP = NO;
				DEBUG_INFORMATION_FORMAT = dwarf;
				ENABLE_STRICT_OBJC_MSGSEND = YES;
				ENABLE_TESTABILITY = YES;
				GCC_C_LANGUAGE_STANDARD = gnu11;
				GCC_DYNAMIC_NO_PIC = NO;
				GCC_NO_COMMON_BLOCKS = YES;
				GCC_OPTIMIZATION_LEVEL = 0;
				GCC_PREPROCESSOR_DEFINITIONS = (
					"DEBUG=1",
					"$(inherited)",
				);
				GCC_WARN_64_TO_32_BIT_CONVERSION = YES;
				GCC_WARN_ABOUT_RETURN_TYPE = YES_ERROR;
				GCC_WARN_UNDECLARED_SELECTOR = YES;
				GCC_WARN_UNINITIALIZED_AUTOS = YES_AGGRESSIVE;
				GCC_WARN_UNUSED_FUNCTION = YES;
				GCC_WARN_UNUSED_VARIABLE = YES;
				IPHONEOS_DEPLOYMENT_TARGET = 12.0;
				MTL_ENABLE_DEBUG_INFO = INCLUDE_SOURCE;
				MTL_FAST_MATH = YES;
				ONLY_ACTIVE_ARCH = YES;
				SDKROOT = iphoneos;
			};
			name = Debug;
		};
		0EB7A2FA2175F21F0075C750 /* Release */ = {
			isa = XCBuildConfiguration;
			buildSettings = {
				ALWAYS_SEARCH_USER_PATHS = NO;
				CLANG_ANALYZER_NONNULL = YES;
				CLANG_ANALYZER_NUMBER_OBJECT_CONVERSION = YES_AGGRESSIVE;
				CLANG_CXX_LANGUAGE_STANDARD = "gnu++14";
				CLANG_CXX_LIBRARY = "libc++";
				CLANG_ENABLE_MODULES = YES;
				CLANG_ENABLE_OBJC_ARC = YES;
				CLANG_ENABLE_OBJC_WEAK = YES;
				CLANG_WARN_BLOCK_CAPTURE_AUTORELEASING = YES;
				CLANG_WARN_BOOL_CONVERSION = YES;
				CLANG_WARN_COMMA = YES;
				CLANG_WARN_CONSTANT_CONVERSION = YES;
				CLANG_WARN_DEPRECATED_OBJC_IMPLEMENTATIONS = YES;
				CLANG_WARN_DIRECT_OBJC_ISA_USAGE = YES_ERROR;
				CLANG_WARN_DOCUMENTATION_COMMENTS = YES;
				CLANG_WARN_EMPTY_BODY = YES;
				CLANG_WARN_ENUM_CONVERSION = YES;
				CLANG_WARN_INFINITE_RECURSION = YES;
				CLANG_WARN_INT_CONVERSION = YES;
				CLANG_WARN_NON_LITERAL_NULL_CONVERSION = YES;
				CLANG_WARN_OBJC_IMPLICIT_RETAIN_SELF = YES;
				CLANG_WARN_OBJC_LITERAL_CONVERSION = YES;
				CLANG_WARN_OBJC_ROOT_CLASS = YES_ERROR;
				CLANG_WARN_RANGE_LOOP_ANALYSIS = YES;
				CLANG_WARN_STRICT_PROTOTYPES = YES;
				CLANG_WARN_SUSPICIOUS_MOVE = YES;
				CLANG_WARN_UNGUARDED_AVAILABILITY = YES_AGGRESSIVE;
				CLANG_WARN_UNREACHABLE_CODE = YES;
				CLANG_WARN__DUPLICATE_METHOD_MATCH = YES;
				CODE_SIGN_IDENTITY = "iPhone Developer";
				COPY_PHASE_STRIP = NO;
				DEBUG_INFORMATION_FORMAT = "dwarf-with-dsym";
				ENABLE_NS_ASSERTIONS = NO;
				ENABLE_STRICT_OBJC_MSGSEND = YES;
				GCC_C_LANGUAGE_STANDARD = gnu11;
				GCC_NO_COMMON_BLOCKS = YES;
				GCC_WARN_64_TO_32_BIT_CONVERSION = YES;
				GCC_WARN_ABOUT_RETURN_TYPE = YES_ERROR;
				GCC_WARN_UNDECLARED_SELECTOR = YES;
				GCC_WARN_UNINITIALIZED_AUTOS = YES_AGGRESSIVE;
				GCC_WARN_UNUSED_FUNCTION = YES;
				GCC_WARN_UNUSED_VARIABLE = YES;
				IPHONEOS_DEPLOYMENT_TARGET = 12.0;
				MTL_ENABLE_DEBUG_INFO = NO;
				MTL_FAST_MATH = YES;
				SDKROOT = iphoneos;
				VALIDATE_PRODUCT = YES;
			};
			name = Release;
		};
		0EB7A2FC2175F21F0075C750 /* Debug */ = {
			isa = XCBuildConfiguration;
			buildSettings = {
				CODE_SIGN_STYLE = Automatic;
				DEVELOPMENT_TEAM = A5V52734ZW;
				INFOPLIST_FILE = IM/Source/Info.plist;
				LD_RUNPATH_SEARCH_PATHS = (
					"$(inherited)",
					"@executable_path/Frameworks",
				);
				PRODUCT_BUNDLE_IDENTIFIER = com.nigel.IM;
				PRODUCT_NAME = "$(TARGET_NAME)";
				TARGETED_DEVICE_FAMILY = "1,2";
			};
			name = Debug;
		};
		0EB7A2FD2175F21F0075C750 /* Release */ = {
			isa = XCBuildConfiguration;
			buildSettings = {
				CODE_SIGN_STYLE = Automatic;
				DEVELOPMENT_TEAM = A5V52734ZW;
				INFOPLIST_FILE = IM/Source/Info.plist;
				LD_RUNPATH_SEARCH_PATHS = (
					"$(inherited)",
					"@executable_path/Frameworks",
				);
				PRODUCT_BUNDLE_IDENTIFIER = com.nigel.IM;
				PRODUCT_NAME = "$(TARGET_NAME)";
				TARGETED_DEVICE_FAMILY = "1,2";
			};
			name = Release;
		};
		0EB7A2FF2175F21F0075C750 /* Debug */ = {
			isa = XCBuildConfiguration;
			buildSettings = {
				CODE_SIGN_STYLE = Automatic;
				DEVELOPMENT_TEAM = A5V52734ZW;
				INFOPLIST_FILE = IMUITests/Info.plist;
				LD_RUNPATH_SEARCH_PATHS = (
					"$(inherited)",
					"@executable_path/Frameworks",
					"@loader_path/Frameworks",
				);
				PRODUCT_BUNDLE_IDENTIFIER = com.nigel.IMUITests;
				PRODUCT_NAME = "$(TARGET_NAME)";
				TARGETED_DEVICE_FAMILY = "1,2";
				TEST_TARGET_NAME = IM;
			};
			name = Debug;
		};
		0EB7A3002175F21F0075C750 /* Release */ = {
			isa = XCBuildConfiguration;
			buildSettings = {
				CODE_SIGN_STYLE = Automatic;
				DEVELOPMENT_TEAM = A5V52734ZW;
				INFOPLIST_FILE = IMUITests/Info.plist;
				LD_RUNPATH_SEARCH_PATHS = (
					"$(inherited)",
					"@executable_path/Frameworks",
					"@loader_path/Frameworks",
				);
				PRODUCT_BUNDLE_IDENTIFIER = com.nigel.IMUITests;
				PRODUCT_NAME = "$(TARGET_NAME)";
				TARGETED_DEVICE_FAMILY = "1,2";
				TEST_TARGET_NAME = IM;
			};
			name = Release;
		};
/* End XCBuildConfiguration section */

/* Begin XCConfigurationList section */
		0EB7A2D52175F21E0075C750 /* Build configuration list for PBXProject "IM" */ = {
			isa = XCConfigurationList;
			buildConfigurations = (
				0EB7A2F92175F21F0075C750 /* Debug */,
				0EB7A2FA2175F21F0075C750 /* Release */,
			);
			defaultConfigurationIsVisible = 0;
			defaultConfigurationName = Release;
		};
		0EB7A2FB2175F21F0075C750 /* Build configuration list for PBXNativeTarget "IM" */ = {
			isa = XCConfigurationList;
			buildConfigurations = (
				0EB7A2FC2175F21F0075C750 /* Debug */,
				0EB7A2FD2175F21F0075C750 /* Release */,
			);
			defaultConfigurationIsVisible = 0;
			defaultConfigurationName = Release;
		};
		0EB7A2FE2175F21F0075C750 /* Build configuration list for PBXNativeTarget "IMUITests" */ = {
			isa = XCConfigurationList;
			buildConfigurations = (
				0EB7A2FF2175F21F0075C750 /* Debug */,
				0EB7A3002175F21F0075C750 /* Release */,
			);
			defaultConfigurationIsVisible = 0;
			defaultConfigurationName = Release;
		};
/* End XCConfigurationList section */
	};
	rootObject = 0EB7A2D22175F21E0075C750 /* Project object */;
}
