// !$*UTF8*$!
{
	archiveVersion = 1;
	classes = {
	};
	objectVersion = 50;
	objects = {

/* Begin PBXBuildFile section */
		0E3FCEA12176D0470025DD61 /* HEMessageFactory.m in Sources */ = {isa = PBXBuildFile; fileRef = 0E3FCEA02176D0470025DD61 /* HEMessageFactory.m */; };
		0E3FCEB52176D6540025DD61 /* HETCPHandler.m in Sources */ = {isa = PBXBuildFile; fileRef = 0E3FCEB42176D6540025DD61 /* HETCPHandler.m */; };
		0E3FCEB82176D6850025DD61 /* HEHTTPSender.m in Sources */ = {isa = PBXBuildFile; fileRef = 0E3FCEB72176D6850025DD61 /* HEHTTPSender.m */; };
		0E3FCEBB2177096D0025DD61 /* HEMessageReceipt.m in Sources */ = {isa = PBXBuildFile; fileRef = 0E3FCEBA2177096D0025DD61 /* HEMessageReceipt.m */; };
		0E3FCEBE217709D80025DD61 /* HESession.m in Sources */ = {isa = PBXBuildFile; fileRef = 0E3FCEBD217709D80025DD61 /* HESession.m */; };
		0E3FCED5217720040025DD61 /* HETeamMessageReceiptDetail.m in Sources */ = {isa = PBXBuildFile; fileRef = 0E3FCED4217720040025DD61 /* HETeamMessageReceiptDetail.m */; };
		0E3FCED821772A3D0025DD61 /* HERecentSession.m in Sources */ = {isa = PBXBuildFile; fileRef = 0E3FCED721772A3D0025DD61 /* HERecentSession.m */; };
		0E3FCEDC21772C270025DD61 /* HEDeleteMessagesOption.m in Sources */ = {isa = PBXBuildFile; fileRef = 0E3FCEDB21772C270025DD61 /* HEDeleteMessagesOption.m */; };
		0E3FCEDF21772F1B0025DD61 /* HEMessageSearchOption.m in Sources */ = {isa = PBXBuildFile; fileRef = 0E3FCEDE21772F1B0025DD61 /* HEMessageSearchOption.m */; };
		0E3FCEE52177363E0025DD61 /* HECacheQuery.m in Sources */ = {isa = PBXBuildFile; fileRef = 0E3FCEE42177363E0025DD61 /* HECacheQuery.m */; };
		0E3FCEE821773A0D0025DD61 /* HEUser.m in Sources */ = {isa = PBXBuildFile; fileRef = 0E3FCEE721773A0D0025DD61 /* HEUser.m */; };
		0EB61BAE21798D4C00ED53BF /* Reachability.m in Sources */ = {isa = PBXBuildFile; fileRef = 0EB61BAD21798D4C00ED53BF /* Reachability.m */; };
		0EB61BB12179904400ED53BF /* InternetReachabilityTool.m in Sources */ = {isa = PBXBuildFile; fileRef = 0EB61BB02179904400ED53BF /* InternetReachabilityTool.m */; };
		0EB61BB42179B5D400ED53BF /* HETCPSocketService.m in Sources */ = {isa = PBXBuildFile; fileRef = 0EB61BB32179B5D400ED53BF /* HETCPSocketService.m */; };
		0EB7A3E6217604C40075C750 /* AppDelegate.m in Sources */ = {isa = PBXBuildFile; fileRef = 0EB7A3E5217604C40075C750 /* AppDelegate.m */; };
		0EB7A3E9217604C40075C750 /* ViewController.m in Sources */ = {isa = PBXBuildFile; fileRef = 0EB7A3E8217604C40075C750 /* ViewController.m */; };
		0EB7A3EC217604C40075C750 /* Main.storyboard in Resources */ = {isa = PBXBuildFile; fileRef = 0EB7A3EA217604C40075C750 /* Main.storyboard */; };
		0EB7A3EE217604C50075C750 /* Assets.xcassets in Resources */ = {isa = PBXBuildFile; fileRef = 0EB7A3ED217604C50075C750 /* Assets.xcassets */; };
		0EB7A3F1217604C50075C750 /* LaunchScreen.storyboard in Resources */ = {isa = PBXBuildFile; fileRef = 0EB7A3EF217604C50075C750 /* LaunchScreen.storyboard */; };
		0EB7A3F4217604C50075C750 /* main.m in Sources */ = {isa = PBXBuildFile; fileRef = 0EB7A3F3217604C50075C750 /* main.m */; };
		0EB7A3FE217604C50075C750 /* IMTests.m in Sources */ = {isa = PBXBuildFile; fileRef = 0EB7A3FD217604C50075C750 /* IMTests.m */; };
		0EB7A46E217605820075C750 /* test.jpg in Resources */ = {isa = PBXBuildFile; fileRef = 0EB7A46D217605820075C750 /* test.jpg */; };
		0EB7A4B5217608BD0075C750 /* MD5Tool.m in Sources */ = {isa = PBXBuildFile; fileRef = 0EB7A471217608BD0075C750 /* MD5Tool.m */; };
		0EB7A4B7217608BD0075C750 /* LICENSE.txt in Resources */ = {isa = PBXBuildFile; fileRef = 0EB7A478217608BD0075C750 /* LICENSE.txt */; };
		0EB7A4B8217608BD0075C750 /* FMDatabaseQueue.m in Sources */ = {isa = PBXBuildFile; fileRef = 0EB7A47C217608BD0075C750 /* FMDatabaseQueue.m */; };
		0EB7A4B9217608BD0075C750 /* FMDatabaseAdditions.m in Sources */ = {isa = PBXBuildFile; fileRef = 0EB7A47F217608BD0075C750 /* FMDatabaseAdditions.m */; };
		0EB7A4BA217608BD0075C750 /* FMDatabase.m in Sources */ = {isa = PBXBuildFile; fileRef = 0EB7A480217608BD0075C750 /* FMDatabase.m */; };
		0EB7A4BB217608BD0075C750 /* FMDatabasePool.m in Sources */ = {isa = PBXBuildFile; fileRef = 0EB7A484217608BD0075C750 /* FMDatabasePool.m */; };
		0EB7A4BC217608BD0075C750 /* FMResultSet.m in Sources */ = {isa = PBXBuildFile; fileRef = 0EB7A485217608BD0075C750 /* FMResultSet.m */; };
		0EB7A4BD217608BD0075C750 /* LICENSE in Resources */ = {isa = PBXBuildFile; fileRef = 0EB7A487217608BD0075C750 /* LICENSE */; };
		0EB7A4BE217608BD0075C750 /* README.md in Resources */ = {isa = PBXBuildFile; fileRef = 0EB7A488217608BD0075C750 /* README.md */; };
		0EB7A4BF217608BD0075C750 /* SDWebImageManager.m in Sources */ = {isa = PBXBuildFile; fileRef = 0EB7A48D217608BD0075C750 /* SDWebImageManager.m */; };
		0EB7A4C0217608BD0075C750 /* SDWebImageDecoder.m in Sources */ = {isa = PBXBuildFile; fileRef = 0EB7A48E217608BD0075C750 /* SDWebImageDecoder.m */; };
		0EB7A4C1217608BD0075C750 /* UIImageView+HighlightedWebCache.m in Sources */ = {isa = PBXBuildFile; fileRef = 0EB7A490217608BD0075C750 /* UIImageView+HighlightedWebCache.m */; };
		0EB7A4C2217608BD0075C750 /* SDWebImageDownloader.m in Sources */ = {isa = PBXBuildFile; fileRef = 0EB7A493217608BD0075C750 /* SDWebImageDownloader.m */; };
		0EB7A4C3217608BD0075C750 /* UIImage+GIF.m in Sources */ = {isa = PBXBuildFile; fileRef = 0EB7A494217608BD0075C750 /* UIImage+GIF.m */; };
		0EB7A4C4217608BD0075C750 /* UIImage+MultiFormat.m in Sources */ = {isa = PBXBuildFile; fileRef = 0EB7A496217608BD0075C750 /* UIImage+MultiFormat.m */; };
		0EB7A4C5217608BD0075C750 /* SDWebImageCompat.m in Sources */ = {isa = PBXBuildFile; fileRef = 0EB7A497217608BD0075C750 /* SDWebImageCompat.m */; };
		0EB7A4C6217608BD0075C750 /* SDWebImagePrefetcher.m in Sources */ = {isa = PBXBuildFile; fileRef = 0EB7A498217608BD0075C750 /* SDWebImagePrefetcher.m */; };
		0EB7A4C7217608BD0075C750 /* SDImageCache.m in Sources */ = {isa = PBXBuildFile; fileRef = 0EB7A49B217608BD0075C750 /* SDImageCache.m */; };
		0EB7A4C8217608BD0075C750 /* SDWebImageDownloaderOperation.m in Sources */ = {isa = PBXBuildFile; fileRef = 0EB7A49D217608BD0075C750 /* SDWebImageDownloaderOperation.m */; };
		0EB7A4C9217608BD0075C750 /* NSData+ImageContentType.m in Sources */ = {isa = PBXBuildFile; fileRef = 0EB7A4A0217608BD0075C750 /* NSData+ImageContentType.m */; };
		0EB7A4CA217608BD0075C750 /* UIImageView+WebCache.m in Sources */ = {isa = PBXBuildFile; fileRef = 0EB7A4A1217608BD0075C750 /* UIImageView+WebCache.m */; };
		0EB7A4CB217608BD0075C750 /* NSImage+WebCache.m in Sources */ = {isa = PBXBuildFile; fileRef = 0EB7A4A3217608BD0075C750 /* NSImage+WebCache.m */; };
		0EB7A4CC217608BD0075C750 /* SDImageCacheConfig.m in Sources */ = {isa = PBXBuildFile; fileRef = 0EB7A4A5217608BD0075C750 /* SDImageCacheConfig.m */; };
		0EB7A4CD217608BD0075C750 /* UIView+WebCacheOperation.m in Sources */ = {isa = PBXBuildFile; fileRef = 0EB7A4A6217608BD0075C750 /* UIView+WebCacheOperation.m */; };
		0EB7A4CE217608BD0075C750 /* UIView+WebCache.m in Sources */ = {isa = PBXBuildFile; fileRef = 0EB7A4A7217608BD0075C750 /* UIView+WebCache.m */; };
		0EB7A4CF217608BD0075C750 /* UIButton+WebCache.m in Sources */ = {isa = PBXBuildFile; fileRef = 0EB7A4AB217608BD0075C750 /* UIButton+WebCache.m */; };
		0EB7A4D0217608BD0075C750 /* GCDAsyncUdpSocket.m in Sources */ = {isa = PBXBuildFile; fileRef = 0EB7A4B0217608BD0075C750 /* GCDAsyncUdpSocket.m */; };
		0EB7A4D1217608BD0075C750 /* GCDAsyncSocket.m in Sources */ = {isa = PBXBuildFile; fileRef = 0EB7A4B1217608BD0075C750 /* GCDAsyncSocket.m */; };
		0EB7A4D2217608BD0075C750 /* README.markdown in Resources */ = {isa = PBXBuildFile; fileRef = 0EB7A4B4217608BD0075C750 /* README.markdown */; };
		0EB7A53B21760C180075C750 /* HEMessage.m in Sources */ = {isa = PBXBuildFile; fileRef = 0EB7A53A21760C180075C750 /* HEMessage.m */; };
		0EB7A53E21760E010075C750 /* HEIMSDK.m in Sources */ = {isa = PBXBuildFile; fileRef = 0EB7A53D21760E010075C750 /* HEIMSDK.m */; };
		0EB7A54C2176170A0075C750 /* HELoginClient.m in Sources */ = {isa = PBXBuildFile; fileRef = 0EB7A54B2176170A0075C750 /* HELoginClient.m */; };
		0EDE6D342178B02800D38B8E /* HETCPRequestEntity.m in Sources */ = {isa = PBXBuildFile; fileRef = 0EDE6D332178B02800D38B8E /* HETCPRequestEntity.m */; };
		0EDE6D372178B05300D38B8E /* HETCPResponseEntity.m in Sources */ = {isa = PBXBuildFile; fileRef = 0EDE6D362178B05300D38B8E /* HETCPResponseEntity.m */; };
/* End PBXBuildFile section */

/* Begin PBXContainerItemProxy section */
		0EB7A3FA217604C50075C750 /* PBXContainerItemProxy */ = {
			isa = PBXContainerItemProxy;
			containerPortal = 0EB7A3D9217604C40075C750 /* Project object */;
			proxyType = 1;
			remoteGlobalIDString = 0EB7A3E0217604C40075C750;
			remoteInfo = IM;
		};
/* End PBXContainerItemProxy section */

/* Begin PBXFileReference section */
		0E3FCE9F2176D0470025DD61 /* HEMessageFactory.h */ = {isa = PBXFileReference; lastKnownFileType = sourcecode.c.h; path = HEMessageFactory.h; sourceTree = "<group>"; };
		0E3FCEA02176D0470025DD61 /* HEMessageFactory.m */ = {isa = PBXFileReference; lastKnownFileType = sourcecode.c.objc; path = HEMessageFactory.m; sourceTree = "<group>"; };
		0E3FCEB32176D6540025DD61 /* HETCPHandler.h */ = {isa = PBXFileReference; lastKnownFileType = sourcecode.c.h; path = HETCPHandler.h; sourceTree = "<group>"; };
		0E3FCEB42176D6540025DD61 /* HETCPHandler.m */ = {isa = PBXFileReference; lastKnownFileType = sourcecode.c.objc; path = HETCPHandler.m; sourceTree = "<group>"; };
		0E3FCEB62176D6850025DD61 /* HEHTTPSender.h */ = {isa = PBXFileReference; lastKnownFileType = sourcecode.c.h; path = HEHTTPSender.h; sourceTree = "<group>"; };
		0E3FCEB72176D6850025DD61 /* HEHTTPSender.m */ = {isa = PBXFileReference; lastKnownFileType = sourcecode.c.objc; path = HEHTTPSender.m; sourceTree = "<group>"; };
		0E3FCEB92177096D0025DD61 /* HEMessageReceipt.h */ = {isa = PBXFileReference; lastKnownFileType = sourcecode.c.h; path = HEMessageReceipt.h; sourceTree = "<group>"; };
		0E3FCEBA2177096D0025DD61 /* HEMessageReceipt.m */ = {isa = PBXFileReference; lastKnownFileType = sourcecode.c.objc; path = HEMessageReceipt.m; sourceTree = "<group>"; };
		0E3FCEBC217709D80025DD61 /* HESession.h */ = {isa = PBXFileReference; lastKnownFileType = sourcecode.c.h; path = HESession.h; sourceTree = "<group>"; };
		0E3FCEBD217709D80025DD61 /* HESession.m */ = {isa = PBXFileReference; lastKnownFileType = sourcecode.c.objc; path = HESession.m; sourceTree = "<group>"; };
		0E3FCED3217720040025DD61 /* HETeamMessageReceiptDetail.h */ = {isa = PBXFileReference; lastKnownFileType = sourcecode.c.h; path = HETeamMessageReceiptDetail.h; sourceTree = "<group>"; };
		0E3FCED4217720040025DD61 /* HETeamMessageReceiptDetail.m */ = {isa = PBXFileReference; lastKnownFileType = sourcecode.c.objc; path = HETeamMessageReceiptDetail.m; sourceTree = "<group>"; };
		0E3FCED621772A3D0025DD61 /* HERecentSession.h */ = {isa = PBXFileReference; lastKnownFileType = sourcecode.c.h; path = HERecentSession.h; sourceTree = "<group>"; };
		0E3FCED721772A3D0025DD61 /* HERecentSession.m */ = {isa = PBXFileReference; lastKnownFileType = sourcecode.c.objc; path = HERecentSession.m; sourceTree = "<group>"; };
		0E3FCEDA21772C270025DD61 /* HEDeleteMessagesOption.h */ = {isa = PBXFileReference; lastKnownFileType = sourcecode.c.h; path = HEDeleteMessagesOption.h; sourceTree = "<group>"; };
		0E3FCEDB21772C270025DD61 /* HEDeleteMessagesOption.m */ = {isa = PBXFileReference; lastKnownFileType = sourcecode.c.objc; path = HEDeleteMessagesOption.m; sourceTree = "<group>"; };
		0E3FCEDD21772F1B0025DD61 /* HEMessageSearchOption.h */ = {isa = PBXFileReference; lastKnownFileType = sourcecode.c.h; path = HEMessageSearchOption.h; sourceTree = "<group>"; };
		0E3FCEDE21772F1B0025DD61 /* HEMessageSearchOption.m */ = {isa = PBXFileReference; lastKnownFileType = sourcecode.c.objc; path = HEMessageSearchOption.m; sourceTree = "<group>"; };
		0E3FCEE32177363E0025DD61 /* HECacheQuery.h */ = {isa = PBXFileReference; lastKnownFileType = sourcecode.c.h; path = HECacheQuery.h; sourceTree = "<group>"; };
		0E3FCEE42177363E0025DD61 /* HECacheQuery.m */ = {isa = PBXFileReference; lastKnownFileType = sourcecode.c.objc; path = HECacheQuery.m; sourceTree = "<group>"; };
		0E3FCEE621773A0D0025DD61 /* HEUser.h */ = {isa = PBXFileReference; lastKnownFileType = sourcecode.c.h; path = HEUser.h; sourceTree = "<group>"; };
		0E3FCEE721773A0D0025DD61 /* HEUser.m */ = {isa = PBXFileReference; lastKnownFileType = sourcecode.c.objc; path = HEUser.m; sourceTree = "<group>"; };
		0E9D7FEB217754CF00B79A56 /* HEDefine.h */ = {isa = PBXFileReference; lastKnownFileType = sourcecode.c.h; path = HEDefine.h; sourceTree = "<group>"; };
		0EB61BAA21798A4800ED53BF /* PrefixHeader.pch */ = {isa = PBXFileReference; lastKnownFileType = sourcecode.c.h; path = PrefixHeader.pch; sourceTree = "<group>"; };
		0EB61BAC21798D4C00ED53BF /* Reachability.h */ = {isa = PBXFileReference; fileEncoding = 4; lastKnownFileType = sourcecode.c.h; path = Reachability.h; sourceTree = "<group>"; };
		0EB61BAD21798D4C00ED53BF /* Reachability.m */ = {isa = PBXFileReference; fileEncoding = 4; lastKnownFileType = sourcecode.c.objc; path = Reachability.m; sourceTree = "<group>"; };
		0EB61BAF2179904400ED53BF /* InternetReachabilityTool.h */ = {isa = PBXFileReference; lastKnownFileType = sourcecode.c.h; path = InternetReachabilityTool.h; sourceTree = "<group>"; };
		0EB61BB02179904400ED53BF /* InternetReachabilityTool.m */ = {isa = PBXFileReference; lastKnownFileType = sourcecode.c.objc; path = InternetReachabilityTool.m; sourceTree = "<group>"; };
		0EB61BB22179B5D400ED53BF /* HETCPSocketService.h */ = {isa = PBXFileReference; lastKnownFileType = sourcecode.c.h; path = HETCPSocketService.h; sourceTree = "<group>"; };
		0EB61BB32179B5D400ED53BF /* HETCPSocketService.m */ = {isa = PBXFileReference; lastKnownFileType = sourcecode.c.objc; path = HETCPSocketService.m; sourceTree = "<group>"; };
		0EB7A3E1217604C40075C750 /* IM.app */ = {isa = PBXFileReference; explicitFileType = wrapper.application; includeInIndex = 0; path = IM.app; sourceTree = BUILT_PRODUCTS_DIR; };
		0EB7A3E4217604C40075C750 /* AppDelegate.h */ = {isa = PBXFileReference; lastKnownFileType = sourcecode.c.h; path = AppDelegate.h; sourceTree = "<group>"; };
		0EB7A3E5217604C40075C750 /* AppDelegate.m */ = {isa = PBXFileReference; lastKnownFileType = sourcecode.c.objc; path = AppDelegate.m; sourceTree = "<group>"; };
		0EB7A3E7217604C40075C750 /* ViewController.h */ = {isa = PBXFileReference; lastKnownFileType = sourcecode.c.h; path = ViewController.h; sourceTree = "<group>"; };
		0EB7A3E8217604C40075C750 /* ViewController.m */ = {isa = PBXFileReference; lastKnownFileType = sourcecode.c.objc; path = ViewController.m; sourceTree = "<group>"; };
		0EB7A3EB217604C40075C750 /* Base */ = {isa = PBXFileReference; lastKnownFileType = file.storyboard; name = Base; path = Base.lproj/Main.storyboard; sourceTree = "<group>"; };
		0EB7A3ED217604C50075C750 /* Assets.xcassets */ = {isa = PBXFileReference; lastKnownFileType = folder.assetcatalog; path = Assets.xcassets; sourceTree = "<group>"; };
		0EB7A3F0217604C50075C750 /* Base */ = {isa = PBXFileReference; lastKnownFileType = file.storyboard; name = Base; path = Base.lproj/LaunchScreen.storyboard; sourceTree = "<group>"; };
		0EB7A3F2217604C50075C750 /* Info.plist */ = {isa = PBXFileReference; lastKnownFileType = text.plist.xml; path = Info.plist; sourceTree = "<group>"; };
		0EB7A3F3217604C50075C750 /* main.m */ = {isa = PBXFileReference; lastKnownFileType = sourcecode.c.objc; path = main.m; sourceTree = "<group>"; };
		0EB7A3F9217604C50075C750 /* IMTests.xctest */ = {isa = PBXFileReference; explicitFileType = wrapper.cfbundle; includeInIndex = 0; path = IMTests.xctest; sourceTree = BUILT_PRODUCTS_DIR; };
		0EB7A3FD217604C50075C750 /* IMTests.m */ = {isa = PBXFileReference; lastKnownFileType = sourcecode.c.objc; path = IMTests.m; sourceTree = "<group>"; };
		0EB7A3FF217604C50075C750 /* Info.plist */ = {isa = PBXFileReference; lastKnownFileType = text.plist.xml; path = Info.plist; sourceTree = "<group>"; };
		0EB7A46D217605820075C750 /* test.jpg */ = {isa = PBXFileReference; lastKnownFileType = image.jpeg; path = test.jpg; sourceTree = "<group>"; };
		0EB7A471217608BD0075C750 /* MD5Tool.m */ = {isa = PBXFileReference; fileEncoding = 4; lastKnownFileType = sourcecode.c.objc; path = MD5Tool.m; sourceTree = "<group>"; };
		0EB7A472217608BD0075C750 /* MD5Tool.h */ = {isa = PBXFileReference; fileEncoding = 4; lastKnownFileType = sourcecode.c.h; path = MD5Tool.h; sourceTree = "<group>"; };
		0EB7A478217608BD0075C750 /* LICENSE.txt */ = {isa = PBXFileReference; fileEncoding = 4; lastKnownFileType = text; path = LICENSE.txt; sourceTree = "<group>"; };
		0EB7A47B217608BD0075C750 /* FMDatabase.h */ = {isa = PBXFileReference; fileEncoding = 4; lastKnownFileType = sourcecode.c.h; path = FMDatabase.h; sourceTree = "<group>"; };
		0EB7A47C217608BD0075C750 /* FMDatabaseQueue.m */ = {isa = PBXFileReference; fileEncoding = 4; lastKnownFileType = sourcecode.c.objc; path = FMDatabaseQueue.m; sourceTree = "<group>"; };
		0EB7A47D217608BD0075C750 /* FMResultSet.h */ = {isa = PBXFileReference; fileEncoding = 4; lastKnownFileType = sourcecode.c.h; path = FMResultSet.h; sourceTree = "<group>"; };
		0EB7A47E217608BD0075C750 /* FMDatabasePool.h */ = {isa = PBXFileReference; fileEncoding = 4; lastKnownFileType = sourcecode.c.h; path = FMDatabasePool.h; sourceTree = "<group>"; };
		0EB7A47F217608BD0075C750 /* FMDatabaseAdditions.m */ = {isa = PBXFileReference; fileEncoding = 4; lastKnownFileType = sourcecode.c.objc; path = FMDatabaseAdditions.m; sourceTree = "<group>"; };
		0EB7A480217608BD0075C750 /* FMDatabase.m */ = {isa = PBXFileReference; fileEncoding = 4; lastKnownFileType = sourcecode.c.objc; path = FMDatabase.m; sourceTree = "<group>"; };
		0EB7A481217608BD0075C750 /* FMDatabaseQueue.h */ = {isa = PBXFileReference; fileEncoding = 4; lastKnownFileType = sourcecode.c.h; path = FMDatabaseQueue.h; sourceTree = "<group>"; };
		0EB7A482217608BD0075C750 /* FMDB.h */ = {isa = PBXFileReference; fileEncoding = 4; lastKnownFileType = sourcecode.c.h; path = FMDB.h; sourceTree = "<group>"; };
		0EB7A483217608BD0075C750 /* FMDatabaseAdditions.h */ = {isa = PBXFileReference; fileEncoding = 4; lastKnownFileType = sourcecode.c.h; path = FMDatabaseAdditions.h; sourceTree = "<group>"; };
		0EB7A484217608BD0075C750 /* FMDatabasePool.m */ = {isa = PBXFileReference; fileEncoding = 4; lastKnownFileType = sourcecode.c.objc; path = FMDatabasePool.m; sourceTree = "<group>"; };
		0EB7A485217608BD0075C750 /* FMResultSet.m */ = {isa = PBXFileReference; fileEncoding = 4; lastKnownFileType = sourcecode.c.objc; path = FMResultSet.m; sourceTree = "<group>"; };
		0EB7A487217608BD0075C750 /* LICENSE */ = {isa = PBXFileReference; fileEncoding = 4; lastKnownFileType = text; path = LICENSE; sourceTree = "<group>"; };
		0EB7A488217608BD0075C750 /* README.md */ = {isa = PBXFileReference; fileEncoding = 4; lastKnownFileType = net.daringfireball.markdown; path = README.md; sourceTree = "<group>"; };
		0EB7A48A217608BD0075C750 /* NSImage+WebCache.h */ = {isa = PBXFileReference; fileEncoding = 4; lastKnownFileType = sourcecode.c.h; path = "NSImage+WebCache.h"; sourceTree = "<group>"; };
		0EB7A48B217608BD0075C750 /* UIImageView+WebCache.h */ = {isa = PBXFileReference; fileEncoding = 4; lastKnownFileType = sourcecode.c.h; path = "UIImageView+WebCache.h"; sourceTree = "<group>"; };
		0EB7A48C217608BD0075C750 /* NSData+ImageContentType.h */ = {isa = PBXFileReference; fileEncoding = 4; lastKnownFileType = sourcecode.c.h; path = "NSData+ImageContentType.h"; sourceTree = "<group>"; };
		0EB7A48D217608BD0075C750 /* SDWebImageManager.m */ = {isa = PBXFileReference; fileEncoding = 4; lastKnownFileType = sourcecode.c.objc; path = SDWebImageManager.m; sourceTree = "<group>"; };
		0EB7A48E217608BD0075C750 /* SDWebImageDecoder.m */ = {isa = PBXFileReference; fileEncoding = 4; lastKnownFileType = sourcecode.c.objc; path = SDWebImageDecoder.m; sourceTree = "<group>"; };
		0EB7A48F217608BD0075C750 /* SDWebImageDownloaderOperation.h */ = {isa = PBXFileReference; fileEncoding = 4; lastKnownFileType = sourcecode.c.h; path = SDWebImageDownloaderOperation.h; sourceTree = "<group>"; };
		0EB7A490217608BD0075C750 /* UIImageView+HighlightedWebCache.m */ = {isa = PBXFileReference; fileEncoding = 4; lastKnownFileType = sourcecode.c.objc; path = "UIImageView+HighlightedWebCache.m"; sourceTree = "<group>"; };
		0EB7A491217608BD0075C750 /* SDImageCache.h */ = {isa = PBXFileReference; fileEncoding = 4; lastKnownFileType = sourcecode.c.h; path = SDImageCache.h; sourceTree = "<group>"; };
		0EB7A492217608BD0075C750 /* SDImageCacheConfig.h */ = {isa = PBXFileReference; fileEncoding = 4; lastKnownFileType = sourcecode.c.h; path = SDImageCacheConfig.h; sourceTree = "<group>"; };
		0EB7A493217608BD0075C750 /* SDWebImageDownloader.m */ = {isa = PBXFileReference; fileEncoding = 4; lastKnownFileType = sourcecode.c.objc; path = SDWebImageDownloader.m; sourceTree = "<group>"; };
		0EB7A494217608BD0075C750 /* UIImage+GIF.m */ = {isa = PBXFileReference; fileEncoding = 4; lastKnownFileType = sourcecode.c.objc; path = "UIImage+GIF.m"; sourceTree = "<group>"; };
		0EB7A495217608BD0075C750 /* UIButton+WebCache.h */ = {isa = PBXFileReference; fileEncoding = 4; lastKnownFileType = sourcecode.c.h; path = "UIButton+WebCache.h"; sourceTree = "<group>"; };
		0EB7A496217608BD0075C750 /* UIImage+MultiFormat.m */ = {isa = PBXFileReference; fileEncoding = 4; lastKnownFileType = sourcecode.c.objc; path = "UIImage+MultiFormat.m"; sourceTree = "<group>"; };
		0EB7A497217608BD0075C750 /* SDWebImageCompat.m */ = {isa = PBXFileReference; fileEncoding = 4; lastKnownFileType = sourcecode.c.objc; path = SDWebImageCompat.m; sourceTree = "<group>"; };
		0EB7A498217608BD0075C750 /* SDWebImagePrefetcher.m */ = {isa = PBXFileReference; fileEncoding = 4; lastKnownFileType = sourcecode.c.objc; path = SDWebImagePrefetcher.m; sourceTree = "<group>"; };
		0EB7A499217608BD0075C750 /* UIView+WebCache.h */ = {isa = PBXFileReference; fileEncoding = 4; lastKnownFileType = sourcecode.c.h; path = "UIView+WebCache.h"; sourceTree = "<group>"; };
		0EB7A49A217608BD0075C750 /* UIView+WebCacheOperation.h */ = {isa = PBXFileReference; fileEncoding = 4; lastKnownFileType = sourcecode.c.h; path = "UIView+WebCacheOperation.h"; sourceTree = "<group>"; };
		0EB7A49B217608BD0075C750 /* SDImageCache.m */ = {isa = PBXFileReference; fileEncoding = 4; lastKnownFileType = sourcecode.c.objc; path = SDImageCache.m; sourceTree = "<group>"; };
		0EB7A49C217608BD0075C750 /* UIImageView+HighlightedWebCache.h */ = {isa = PBXFileReference; fileEncoding = 4; lastKnownFileType = sourcecode.c.h; path = "UIImageView+HighlightedWebCache.h"; sourceTree = "<group>"; };
		0EB7A49D217608BD0075C750 /* SDWebImageDownloaderOperation.m */ = {isa = PBXFileReference; fileEncoding = 4; lastKnownFileType = sourcecode.c.objc; path = SDWebImageDownloaderOperation.m; sourceTree = "<group>"; };
		0EB7A49E217608BD0075C750 /* SDWebImageDecoder.h */ = {isa = PBXFileReference; fileEncoding = 4; lastKnownFileType = sourcecode.c.h; path = SDWebImageDecoder.h; sourceTree = "<group>"; };
		0EB7A49F217608BD0075C750 /* SDWebImageManager.h */ = {isa = PBXFileReference; fileEncoding = 4; lastKnownFileType = sourcecode.c.h; path = SDWebImageManager.h; sourceTree = "<group>"; };
		0EB7A4A0217608BD0075C750 /* NSData+ImageContentType.m */ = {isa = PBXFileReference; fileEncoding = 4; lastKnownFileType = sourcecode.c.objc; path = "NSData+ImageContentType.m"; sourceTree = "<group>"; };
		0EB7A4A1217608BD0075C750 /* UIImageView+WebCache.m */ = {isa = PBXFileReference; fileEncoding = 4; lastKnownFileType = sourcecode.c.objc; path = "UIImageView+WebCache.m"; sourceTree = "<group>"; };
		0EB7A4A2217608BD0075C750 /* SDWebImageOperation.h */ = {isa = PBXFileReference; fileEncoding = 4; lastKnownFileType = sourcecode.c.h; path = SDWebImageOperation.h; sourceTree = "<group>"; };
		0EB7A4A3217608BD0075C750 /* NSImage+WebCache.m */ = {isa = PBXFileReference; fileEncoding = 4; lastKnownFileType = sourcecode.c.objc; path = "NSImage+WebCache.m"; sourceTree = "<group>"; };
		0EB7A4A4217608BD0075C750 /* SDWebImageDownloader.h */ = {isa = PBXFileReference; fileEncoding = 4; lastKnownFileType = sourcecode.c.h; path = SDWebImageDownloader.h; sourceTree = "<group>"; };
		0EB7A4A5217608BD0075C750 /* SDImageCacheConfig.m */ = {isa = PBXFileReference; fileEncoding = 4; lastKnownFileType = sourcecode.c.objc; path = SDImageCacheConfig.m; sourceTree = "<group>"; };
		0EB7A4A6217608BD0075C750 /* UIView+WebCacheOperation.m */ = {isa = PBXFileReference; fileEncoding = 4; lastKnownFileType = sourcecode.c.objc; path = "UIView+WebCacheOperation.m"; sourceTree = "<group>"; };
		0EB7A4A7217608BD0075C750 /* UIView+WebCache.m */ = {isa = PBXFileReference; fileEncoding = 4; lastKnownFileType = sourcecode.c.objc; path = "UIView+WebCache.m"; sourceTree = "<group>"; };
		0EB7A4A8217608BD0075C750 /* SDWebImagePrefetcher.h */ = {isa = PBXFileReference; fileEncoding = 4; lastKnownFileType = sourcecode.c.h; path = SDWebImagePrefetcher.h; sourceTree = "<group>"; };
		0EB7A4A9217608BD0075C750 /* SDWebImageCompat.h */ = {isa = PBXFileReference; fileEncoding = 4; lastKnownFileType = sourcecode.c.h; path = SDWebImageCompat.h; sourceTree = "<group>"; };
		0EB7A4AA217608BD0075C750 /* UIImage+MultiFormat.h */ = {isa = PBXFileReference; fileEncoding = 4; lastKnownFileType = sourcecode.c.h; path = "UIImage+MultiFormat.h"; sourceTree = "<group>"; };
		0EB7A4AB217608BD0075C750 /* UIButton+WebCache.m */ = {isa = PBXFileReference; fileEncoding = 4; lastKnownFileType = sourcecode.c.objc; path = "UIButton+WebCache.m"; sourceTree = "<group>"; };
		0EB7A4AC217608BD0075C750 /* UIImage+GIF.h */ = {isa = PBXFileReference; fileEncoding = 4; lastKnownFileType = sourcecode.c.h; path = "UIImage+GIF.h"; sourceTree = "<group>"; };
		0EB7A4B0217608BD0075C750 /* GCDAsyncUdpSocket.m */ = {isa = PBXFileReference; fileEncoding = 4; lastKnownFileType = sourcecode.c.objc; path = GCDAsyncUdpSocket.m; sourceTree = "<group>"; };
		0EB7A4B1217608BD0075C750 /* GCDAsyncSocket.m */ = {isa = PBXFileReference; fileEncoding = 4; lastKnownFileType = sourcecode.c.objc; path = GCDAsyncSocket.m; sourceTree = "<group>"; };
		0EB7A4B2217608BD0075C750 /* GCDAsyncUdpSocket.h */ = {isa = PBXFileReference; fileEncoding = 4; lastKnownFileType = sourcecode.c.h; path = GCDAsyncUdpSocket.h; sourceTree = "<group>"; };
		0EB7A4B3217608BD0075C750 /* GCDAsyncSocket.h */ = {isa = PBXFileReference; fileEncoding = 4; lastKnownFileType = sourcecode.c.h; path = GCDAsyncSocket.h; sourceTree = "<group>"; };
		0EB7A4B4217608BD0075C750 /* README.markdown */ = {isa = PBXFileReference; fileEncoding = 4; lastKnownFileType = net.daringfireball.markdown; path = README.markdown; sourceTree = "<group>"; };
		0EB7A53721760BC20075C750 /* HEChatManagerProtocol.h */ = {isa = PBXFileReference; lastKnownFileType = sourcecode.c.h; path = HEChatManagerProtocol.h; sourceTree = "<group>"; };
		0EB7A53921760C180075C750 /* HEMessage.h */ = {isa = PBXFileReference; lastKnownFileType = sourcecode.c.h; path = HEMessage.h; sourceTree = "<group>"; };
		0EB7A53A21760C180075C750 /* HEMessage.m */ = {isa = PBXFileReference; lastKnownFileType = sourcecode.c.objc; path = HEMessage.m; sourceTree = "<group>"; };
		0EB7A53C21760E010075C750 /* HEIMSDK.h */ = {isa = PBXFileReference; lastKnownFileType = sourcecode.c.h; path = HEIMSDK.h; sourceTree = "<group>"; };
		0EB7A53D21760E010075C750 /* HEIMSDK.m */ = {isa = PBXFileReference; lastKnownFileType = sourcecode.c.objc; path = HEIMSDK.m; sourceTree = "<group>"; };
		0EB7A53F21760E960075C750 /* HELoginManagerProtocol.h */ = {isa = PBXFileReference; lastKnownFileType = sourcecode.c.h; path = HELoginManagerProtocol.h; sourceTree = "<group>"; };
		0EB7A54021760EC40075C750 /* HEConversationManagerProtocol.h */ = {isa = PBXFileReference; lastKnownFileType = sourcecode.c.h; path = HEConversationManagerProtocol.h; sourceTree = "<group>"; };
		0EB7A541217610030075C750 /* HEMediaManagerProtocol.h */ = {isa = PBXFileReference; lastKnownFileType = sourcecode.c.h; path = HEMediaManagerProtocol.h; sourceTree = "<group>"; };
		0EB7A5422176107D0075C750 /* HEChatroomManagerProtocol.h */ = {isa = PBXFileReference; lastKnownFileType = sourcecode.c.h; path = HEChatroomManagerProtocol.h; sourceTree = "<group>"; };
		0EB7A543217610980075C750 /* HEDocTranscodingManagerProtocol.h */ = {isa = PBXFileReference; lastKnownFileType = sourcecode.c.h; path = HEDocTranscodingManagerProtocol.h; sourceTree = "<group>"; };
		0EB7A544217611D90075C750 /* HEMessageContentProtocol.h */ = {isa = PBXFileReference; lastKnownFileType = sourcecode.c.h; path = HEMessageContentProtocol.h; sourceTree = "<group>"; };
		0EB7A545217612020075C750 /* HERedPacketManagerProtocol.h */ = {isa = PBXFileReference; lastKnownFileType = sourcecode.c.h; path = HERedPacketManagerProtocol.h; sourceTree = "<group>"; };
		0EB7A546217612140075C750 /* HEResourceManagerProtocol.h */ = {isa = PBXFileReference; lastKnownFileType = sourcecode.c.h; path = HEResourceManagerProtocol.h; sourceTree = "<group>"; };
		0EB7A5472176122E0075C750 /* HETeamManagerProtocol.h */ = {isa = PBXFileReference; lastKnownFileType = sourcecode.c.h; path = HETeamManagerProtocol.h; sourceTree = "<group>"; };
		0EB7A548217612460075C750 /* HEUserManagerProtocol.h */ = {isa = PBXFileReference; lastKnownFileType = sourcecode.c.h; path = HEUserManagerProtocol.h; sourceTree = "<group>"; };
		0EB7A54A2176170A0075C750 /* HELoginClient.h */ = {isa = PBXFileReference; lastKnownFileType = sourcecode.c.h; path = HELoginClient.h; sourceTree = "<group>"; };
		0EB7A54B2176170A0075C750 /* HELoginClient.m */ = {isa = PBXFileReference; lastKnownFileType = sourcecode.c.objc; path = HELoginClient.m; sourceTree = "<group>"; };
		0EDE6D322178B02800D38B8E /* HETCPRequestEntity.h */ = {isa = PBXFileReference; lastKnownFileType = sourcecode.c.h; path = HETCPRequestEntity.h; sourceTree = "<group>"; };
		0EDE6D332178B02800D38B8E /* HETCPRequestEntity.m */ = {isa = PBXFileReference; lastKnownFileType = sourcecode.c.objc; path = HETCPRequestEntity.m; sourceTree = "<group>"; };
		0EDE6D352178B05300D38B8E /* HETCPResponseEntity.h */ = {isa = PBXFileReference; lastKnownFileType = sourcecode.c.h; path = HETCPResponseEntity.h; sourceTree = "<group>"; };
		0EDE6D362178B05300D38B8E /* HETCPResponseEntity.m */ = {isa = PBXFileReference; lastKnownFileType = sourcecode.c.objc; path = HETCPResponseEntity.m; sourceTree = "<group>"; };
/* End PBXFileReference section */

/* Begin PBXFrameworksBuildPhase section */
		0EB7A3DE217604C40075C750 /* Frameworks */ = {
			isa = PBXFrameworksBuildPhase;
			buildActionMask = 2147483647;
			files = (
			);
			runOnlyForDeploymentPostprocessing = 0;
		};
		0EB7A3F6217604C50075C750 /* Frameworks */ = {
			isa = PBXFrameworksBuildPhase;
			buildActionMask = 2147483647;
			files = (
			);
			runOnlyForDeploymentPostprocessing = 0;
		};
/* End PBXFrameworksBuildPhase section */

/* Begin PBXGroup section */
		0E3FCEB12176D62F0025DD61 /* TCP */ = {
			isa = PBXGroup;
			children = (
				0E3FCEB32176D6540025DD61 /* HETCPHandler.h */,
				0E3FCEB42176D6540025DD61 /* HETCPHandler.m */,
			);
			path = TCP;
			sourceTree = "<group>";
		};
		0E3FCEB22176D6380025DD61 /* HTTP */ = {
			isa = PBXGroup;
			children = (
				0E3FCEB62176D6850025DD61 /* HEHTTPSender.h */,
				0E3FCEB72176D6850025DD61 /* HEHTTPSender.m */,
			);
			path = HTTP;
			sourceTree = "<group>";
		};
		0E3FCED921772B610025DD61 /* Imp */ = {
			isa = PBXGroup;
			children = (
			);
			path = Imp;
			sourceTree = "<group>";
		};
		0EB61BAB21798D4400ED53BF /* Reachability */ = {
			isa = PBXGroup;
			children = (
				0EB61BAC21798D4C00ED53BF /* Reachability.h */,
				0EB61BAD21798D4C00ED53BF /* Reachability.m */,
			);
			path = Reachability;
			sourceTree = "<group>";
		};
		0EB7A3D8217604C40075C750 = {
			isa = PBXGroup;
			children = (
				0EB7A3E3217604C40075C750 /* IM */,
				0EB7A3FC217604C50075C750 /* IMTests */,
				0EB7A3E2217604C40075C750 /* Products */,
			);
			sourceTree = "<group>";
		};
		0EB7A3E2217604C40075C750 /* Products */ = {
			isa = PBXGroup;
			children = (
				0EB7A3E1217604C40075C750 /* IM.app */,
				0EB7A3F9217604C50075C750 /* IMTests.xctest */,
			);
			name = Products;
			sourceTree = "<group>";
		};
		0EB7A3E3217604C40075C750 /* IM */ = {
			isa = PBXGroup;
			children = (
				0EB7A3E4217604C40075C750 /* AppDelegate.h */,
				0EB7A3E5217604C40075C750 /* AppDelegate.m */,
				0EB7A3E7217604C40075C750 /* ViewController.h */,
				0EB7A3E8217604C40075C750 /* ViewController.m */,
				0EB7A3F3217604C50075C750 /* main.m */,
				0EB7A46F217608BD0075C750 /* Core */,
				0EB7A475217608BD0075C750 /* Verdor */,
				0EB7A46C217605420075C750 /* Source */,
			);
			path = IM;
			sourceTree = "<group>";
		};
		0EB7A3FC217604C50075C750 /* IMTests */ = {
			isa = PBXGroup;
			children = (
				0EB7A3FD217604C50075C750 /* IMTests.m */,
				0EB7A3FF217604C50075C750 /* Info.plist */,
			);
			path = IMTests;
			sourceTree = "<group>";
		};
		0EB7A46C217605420075C750 /* Source */ = {
			isa = PBXGroup;
			children = (
				0EB7A46D217605820075C750 /* test.jpg */,
				0EB7A3EA217604C40075C750 /* Main.storyboard */,
				0EB7A3ED217604C50075C750 /* Assets.xcassets */,
				0EB7A3EF217604C50075C750 /* LaunchScreen.storyboard */,
				0EB7A3F2217604C50075C750 /* Info.plist */,
				0EB61BAA21798A4800ED53BF /* PrefixHeader.pch */,
			);
			path = Source;
			sourceTree = "<group>";
		};
		0EB7A46F217608BD0075C750 /* Core */ = {
			isa = PBXGroup;
			children = (
				0EB7A5492176148F0075C750 /* Network */,
				0EB7A53821760BF20075C750 /* Model */,
				0EB7A470217608BD0075C750 /* Tools */,
				0EB7A473217608BD0075C750 /* Category */,
				0EB7A474217608BD0075C750 /* Protocols */,
				0E3FCED921772B610025DD61 /* Imp */,
				0EB7A53C21760E010075C750 /* HEIMSDK.h */,
				0EB7A53D21760E010075C750 /* HEIMSDK.m */,
				0E9D7FEB217754CF00B79A56 /* HEDefine.h */,
			);
			path = Core;
			sourceTree = "<group>";
		};
		0EB7A470217608BD0075C750 /* Tools */ = {
			isa = PBXGroup;
			children = (
				0EB7A471217608BD0075C750 /* MD5Tool.m */,
				0EB7A472217608BD0075C750 /* MD5Tool.h */,
				0EB61BAF2179904400ED53BF /* InternetReachabilityTool.h */,
				0EB61BB02179904400ED53BF /* InternetReachabilityTool.m */,
			);
			path = Tools;
			sourceTree = "<group>";
		};
		0EB7A473217608BD0075C750 /* Category */ = {
			isa = PBXGroup;
			children = (
			);
			path = Category;
			sourceTree = "<group>";
		};
		0EB7A474217608BD0075C750 /* Protocols */ = {
			isa = PBXGroup;
			children = (
				0EB7A53F21760E960075C750 /* HELoginManagerProtocol.h */,
				0EB7A548217612460075C750 /* HEUserManagerProtocol.h */,
				0EB7A53721760BC20075C750 /* HEChatManagerProtocol.h */,
				0EB7A54021760EC40075C750 /* HEConversationManagerProtocol.h */,
				0EB7A5472176122E0075C750 /* HETeamManagerProtocol.h */,
				0EB7A5422176107D0075C750 /* HEChatroomManagerProtocol.h */,
				0EB7A545217612020075C750 /* HERedPacketManagerProtocol.h */,
				0EB7A546217612140075C750 /* HEResourceManagerProtocol.h */,
				0EB7A543217610980075C750 /* HEDocTranscodingManagerProtocol.h */,
				0EB7A541217610030075C750 /* HEMediaManagerProtocol.h */,
				0EB7A544217611D90075C750 /* HEMessageContentProtocol.h */,
			);
			path = Protocols;
			sourceTree = "<group>";
		};
		0EB7A475217608BD0075C750 /* Verdor */ = {
			isa = PBXGroup;
			children = (
				0EB61BAB21798D4400ED53BF /* Reachability */,
				0EB7A476217608BD0075C750 /* FMDB */,
				0EB7A486217608BD0075C750 /* SDWebImage */,
				0EB7A4AD217608BD0075C750 /* CocoaAsyncSocket */,
			);
			path = Verdor;
			sourceTree = "<group>";
		};
		0EB7A476217608BD0075C750 /* FMDB */ = {
			isa = PBXGroup;
			children = (
				0EB7A478217608BD0075C750 /* LICENSE.txt */,
				0EB7A479217608BD0075C750 /* src */,
			);
			path = FMDB;
			sourceTree = "<group>";
		};
		0EB7A479217608BD0075C750 /* src */ = {
			isa = PBXGroup;
			children = (
				0EB7A47A217608BD0075C750 /* fmdb */,
			);
			path = src;
			sourceTree = "<group>";
		};
		0EB7A47A217608BD0075C750 /* fmdb */ = {
			isa = PBXGroup;
			children = (
				0EB7A47B217608BD0075C750 /* FMDatabase.h */,
				0EB7A47C217608BD0075C750 /* FMDatabaseQueue.m */,
				0EB7A47D217608BD0075C750 /* FMResultSet.h */,
				0EB7A47E217608BD0075C750 /* FMDatabasePool.h */,
				0EB7A47F217608BD0075C750 /* FMDatabaseAdditions.m */,
				0EB7A480217608BD0075C750 /* FMDatabase.m */,
				0EB7A481217608BD0075C750 /* FMDatabaseQueue.h */,
				0EB7A482217608BD0075C750 /* FMDB.h */,
				0EB7A483217608BD0075C750 /* FMDatabaseAdditions.h */,
				0EB7A484217608BD0075C750 /* FMDatabasePool.m */,
				0EB7A485217608BD0075C750 /* FMResultSet.m */,
			);
			path = fmdb;
			sourceTree = "<group>";
		};
		0EB7A486217608BD0075C750 /* SDWebImage */ = {
			isa = PBXGroup;
			children = (
				0EB7A487217608BD0075C750 /* LICENSE */,
				0EB7A488217608BD0075C750 /* README.md */,
				0EB7A489217608BD0075C750 /* SDWebImage */,
			);
			path = SDWebImage;
			sourceTree = "<group>";
		};
		0EB7A489217608BD0075C750 /* SDWebImage */ = {
			isa = PBXGroup;
			children = (
				0EB7A48A217608BD0075C750 /* NSImage+WebCache.h */,
				0EB7A48B217608BD0075C750 /* UIImageView+WebCache.h */,
				0EB7A48C217608BD0075C750 /* NSData+ImageContentType.h */,
				0EB7A48D217608BD0075C750 /* SDWebImageManager.m */,
				0EB7A48E217608BD0075C750 /* SDWebImageDecoder.m */,
				0EB7A48F217608BD0075C750 /* SDWebImageDownloaderOperation.h */,
				0EB7A490217608BD0075C750 /* UIImageView+HighlightedWebCache.m */,
				0EB7A491217608BD0075C750 /* SDImageCache.h */,
				0EB7A492217608BD0075C750 /* SDImageCacheConfig.h */,
				0EB7A493217608BD0075C750 /* SDWebImageDownloader.m */,
				0EB7A494217608BD0075C750 /* UIImage+GIF.m */,
				0EB7A495217608BD0075C750 /* UIButton+WebCache.h */,
				0EB7A496217608BD0075C750 /* UIImage+MultiFormat.m */,
				0EB7A497217608BD0075C750 /* SDWebImageCompat.m */,
				0EB7A498217608BD0075C750 /* SDWebImagePrefetcher.m */,
				0EB7A499217608BD0075C750 /* UIView+WebCache.h */,
				0EB7A49A217608BD0075C750 /* UIView+WebCacheOperation.h */,
				0EB7A49B217608BD0075C750 /* SDImageCache.m */,
				0EB7A49C217608BD0075C750 /* UIImageView+HighlightedWebCache.h */,
				0EB7A49D217608BD0075C750 /* SDWebImageDownloaderOperation.m */,
				0EB7A49E217608BD0075C750 /* SDWebImageDecoder.h */,
				0EB7A49F217608BD0075C750 /* SDWebImageManager.h */,
				0EB7A4A0217608BD0075C750 /* NSData+ImageContentType.m */,
				0EB7A4A1217608BD0075C750 /* UIImageView+WebCache.m */,
				0EB7A4A2217608BD0075C750 /* SDWebImageOperation.h */,
				0EB7A4A3217608BD0075C750 /* NSImage+WebCache.m */,
				0EB7A4A4217608BD0075C750 /* SDWebImageDownloader.h */,
				0EB7A4A5217608BD0075C750 /* SDImageCacheConfig.m */,
				0EB7A4A6217608BD0075C750 /* UIView+WebCacheOperation.m */,
				0EB7A4A7217608BD0075C750 /* UIView+WebCache.m */,
				0EB7A4A8217608BD0075C750 /* SDWebImagePrefetcher.h */,
				0EB7A4A9217608BD0075C750 /* SDWebImageCompat.h */,
				0EB7A4AA217608BD0075C750 /* UIImage+MultiFormat.h */,
				0EB7A4AB217608BD0075C750 /* UIButton+WebCache.m */,
				0EB7A4AC217608BD0075C750 /* UIImage+GIF.h */,
			);
			path = SDWebImage;
			sourceTree = "<group>";
		};
		0EB7A4AD217608BD0075C750 /* CocoaAsyncSocket */ = {
			isa = PBXGroup;
			children = (
				0EB7A4AE217608BD0075C750 /* Source */,
				0EB7A4B4217608BD0075C750 /* README.markdown */,
			);
			path = CocoaAsyncSocket;
			sourceTree = "<group>";
		};
		0EB7A4AE217608BD0075C750 /* Source */ = {
			isa = PBXGroup;
			children = (
				0EB7A4AF217608BD0075C750 /* GCD */,
			);
			path = Source;
			sourceTree = "<group>";
		};
		0EB7A4AF217608BD0075C750 /* GCD */ = {
			isa = PBXGroup;
			children = (
				0EB7A4B0217608BD0075C750 /* GCDAsyncUdpSocket.m */,
				0EB7A4B1217608BD0075C750 /* GCDAsyncSocket.m */,
				0EB7A4B2217608BD0075C750 /* GCDAsyncUdpSocket.h */,
				0EB7A4B3217608BD0075C750 /* GCDAsyncSocket.h */,
			);
			path = GCD;
			sourceTree = "<group>";
		};
		0EB7A53821760BF20075C750 /* Model */ = {
			isa = PBXGroup;
			children = (
				0EB61BB22179B5D400ED53BF /* HETCPSocketService.h */,
				0EB61BB32179B5D400ED53BF /* HETCPSocketService.m */,
				0EB7A53921760C180075C750 /* HEMessage.h */,
				0EB7A53A21760C180075C750 /* HEMessage.m */,
				0EB7A54A2176170A0075C750 /* HELoginClient.h */,
				0EB7A54B2176170A0075C750 /* HELoginClient.m */,
				0E3FCE9F2176D0470025DD61 /* HEMessageFactory.h */,
				0E3FCEA02176D0470025DD61 /* HEMessageFactory.m */,
				0E3FCEB92177096D0025DD61 /* HEMessageReceipt.h */,
				0E3FCEBA2177096D0025DD61 /* HEMessageReceipt.m */,
				0E3FCEBC217709D80025DD61 /* HESession.h */,
				0E3FCEBD217709D80025DD61 /* HESession.m */,
				0E3FCED3217720040025DD61 /* HETeamMessageReceiptDetail.h */,
				0E3FCED4217720040025DD61 /* HETeamMessageReceiptDetail.m */,
				0E3FCED621772A3D0025DD61 /* HERecentSession.h */,
				0E3FCED721772A3D0025DD61 /* HERecentSession.m */,
				0E3FCEDA21772C270025DD61 /* HEDeleteMessagesOption.h */,
				0E3FCEDB21772C270025DD61 /* HEDeleteMessagesOption.m */,
				0E3FCEDD21772F1B0025DD61 /* HEMessageSearchOption.h */,
				0E3FCEDE21772F1B0025DD61 /* HEMessageSearchOption.m */,
				0E3FCEE32177363E0025DD61 /* HECacheQuery.h */,
				0E3FCEE42177363E0025DD61 /* HECacheQuery.m */,
				0E3FCEE621773A0D0025DD61 /* HEUser.h */,
				0E3FCEE721773A0D0025DD61 /* HEUser.m */,
			);
			path = Model;
			sourceTree = "<group>";
		};
		0EB7A5492176148F0075C750 /* Network */ = {
			isa = PBXGroup;
			children = (
				0E3FCEB22176D6380025DD61 /* HTTP */,
				0E3FCEB12176D62F0025DD61 /* TCP */,
				0EDE6D312178AF3200D38B8E /* Model */,
			);
			path = Network;
			sourceTree = "<group>";
		};
		0EDE6D312178AF3200D38B8E /* Model */ = {
			isa = PBXGroup;
			children = (
				0EDE6D322178B02800D38B8E /* HETCPRequestEntity.h */,
				0EDE6D332178B02800D38B8E /* HETCPRequestEntity.m */,
				0EDE6D352178B05300D38B8E /* HETCPResponseEntity.h */,
				0EDE6D362178B05300D38B8E /* HETCPResponseEntity.m */,
			);
			path = Model;
			sourceTree = "<group>";
		};
/* End PBXGroup section */

/* Begin PBXNativeTarget section */
		0EB7A3E0217604C40075C750 /* IM */ = {
			isa = PBXNativeTarget;
			buildConfigurationList = 0EB7A402217604C50075C750 /* Build configuration list for PBXNativeTarget "IM" */;
			buildPhases = (
				0EB7A3DD217604C40075C750 /* Sources */,
				0EB7A3DE217604C40075C750 /* Frameworks */,
				0EB7A3DF217604C40075C750 /* Resources */,
			);
			buildRules = (
			);
			dependencies = (
			);
			name = IM;
			productName = IM;
			productReference = 0EB7A3E1217604C40075C750 /* IM.app */;
			productType = "com.apple.product-type.application";
		};
		0EB7A3F8217604C50075C750 /* IMTests */ = {
			isa = PBXNativeTarget;
			buildConfigurationList = 0EB7A405217604C50075C750 /* Build configuration list for PBXNativeTarget "IMTests" */;
			buildPhases = (
				0EB7A3F5217604C50075C750 /* Sources */,
				0EB7A3F6217604C50075C750 /* Frameworks */,
				0EB7A3F7217604C50075C750 /* Resources */,
			);
			buildRules = (
			);
			dependencies = (
				0EB7A3FB217604C50075C750 /* PBXTargetDependency */,
			);
			name = IMTests;
			productName = IMTests;
			productReference = 0EB7A3F9217604C50075C750 /* IMTests.xctest */;
			productType = "com.apple.product-type.bundle.unit-test";
		};
/* End PBXNativeTarget section */

/* Begin PBXProject section */
		0EB7A3D9217604C40075C750 /* Project object */ = {
			isa = PBXProject;
			attributes = {
				LastUpgradeCheck = 1000;
				ORGANIZATIONNAME = "贺俊孟";
				TargetAttributes = {
					0EB7A3E0217604C40075C750 = {
						CreatedOnToolsVersion = 10.0;
					};
					0EB7A3F8217604C50075C750 = {
						CreatedOnToolsVersion = 10.0;
						TestTargetID = 0EB7A3E0217604C40075C750;
					};
				};
			};
			buildConfigurationList = 0EB7A3DC217604C40075C750 /* Build configuration list for PBXProject "IM" */;
			compatibilityVersion = "Xcode 9.3";
			developmentRegion = en;
			hasScannedForEncodings = 0;
			knownRegions = (
				en,
				Base,
			);
			mainGroup = 0EB7A3D8217604C40075C750;
			productRefGroup = 0EB7A3E2217604C40075C750 /* Products */;
			projectDirPath = "";
			projectRoot = "";
			targets = (
				0EB7A3E0217604C40075C750 /* IM */,
				0EB7A3F8217604C50075C750 /* IMTests */,
			);
		};
/* End PBXProject section */

/* Begin PBXResourcesBuildPhase section */
		0EB7A3DF217604C40075C750 /* Resources */ = {
			isa = PBXResourcesBuildPhase;
			buildActionMask = 2147483647;
			files = (
				0EB7A4B7217608BD0075C750 /* LICENSE.txt in Resources */,
				0EB7A3F1217604C50075C750 /* LaunchScreen.storyboard in Resources */,
				0EB7A4BD217608BD0075C750 /* LICENSE in Resources */,
				0EB7A3EE217604C50075C750 /* Assets.xcassets in Resources */,
				0EB7A4D2217608BD0075C750 /* README.markdown in Resources */,
				0EB7A3EC217604C40075C750 /* Main.storyboard in Resources */,
				0EB7A4BE217608BD0075C750 /* README.md in Resources */,
				0EB7A46E217605820075C750 /* test.jpg in Resources */,
			);
			runOnlyForDeploymentPostprocessing = 0;
		};
		0EB7A3F7217604C50075C750 /* Resources */ = {
			isa = PBXResourcesBuildPhase;
			buildActionMask = 2147483647;
			files = (
			);
			runOnlyForDeploymentPostprocessing = 0;
		};
/* End PBXResourcesBuildPhase section */

/* Begin PBXSourcesBuildPhase section */
		0EB7A3DD217604C40075C750 /* Sources */ = {
			isa = PBXSourcesBuildPhase;
			buildActionMask = 2147483647;
			files = (
				0EB7A4B8217608BD0075C750 /* FMDatabaseQueue.m in Sources */,
				0EB7A4D0217608BD0075C750 /* GCDAsyncUdpSocket.m in Sources */,
				0EB7A4C7217608BD0075C750 /* SDImageCache.m in Sources */,
				0E3FCEBB2177096D0025DD61 /* HEMessageReceipt.m in Sources */,
				0EB7A4B5217608BD0075C750 /* MD5Tool.m in Sources */,
				0EB7A4C8217608BD0075C750 /* SDWebImageDownloaderOperation.m in Sources */,
				0EB7A4CD217608BD0075C750 /* UIView+WebCacheOperation.m in Sources */,
				0EB7A54C2176170A0075C750 /* HELoginClient.m in Sources */,
				0E3FCED5217720040025DD61 /* HETeamMessageReceiptDetail.m in Sources */,
				0EB7A4CB217608BD0075C750 /* NSImage+WebCache.m in Sources */,
				0EB7A3E9217604C40075C750 /* ViewController.m in Sources */,
				0EB7A4BA217608BD0075C750 /* FMDatabase.m in Sources */,
				0E3FCED821772A3D0025DD61 /* HERecentSession.m in Sources */,
				0EB7A3F4217604C50075C750 /* main.m in Sources */,
				0EB7A4CF217608BD0075C750 /* UIButton+WebCache.m in Sources */,
				0EB7A4C0217608BD0075C750 /* SDWebImageDecoder.m in Sources */,
				0EB7A4D1217608BD0075C750 /* GCDAsyncSocket.m in Sources */,
				0EB7A4C1217608BD0075C750 /* UIImageView+HighlightedWebCache.m in Sources */,
				0EB7A4CE217608BD0075C750 /* UIView+WebCache.m in Sources */,
				0EB7A4C6217608BD0075C750 /* SDWebImagePrefetcher.m in Sources */,
				0EB7A4C9217608BD0075C750 /* NSData+ImageContentType.m in Sources */,
				0EB7A4CA217608BD0075C750 /* UIImageView+WebCache.m in Sources */,
				0EDE6D342178B02800D38B8E /* HETCPRequestEntity.m in Sources */,
				0EB61BB12179904400ED53BF /* InternetReachabilityTool.m in Sources */,
				0EB7A4C4217608BD0075C750 /* UIImage+MultiFormat.m in Sources */,
				0EDE6D372178B05300D38B8E /* HETCPResponseEntity.m in Sources */,
				0E3FCEE52177363E0025DD61 /* HECacheQuery.m in Sources */,
				0EB7A4CC217608BD0075C750 /* SDImageCacheConfig.m in Sources */,
				0EB7A4C2217608BD0075C750 /* SDWebImageDownloader.m in Sources */,
				0E3FCEB52176D6540025DD61 /* HETCPHandler.m in Sources */,
				0EB7A4C5217608BD0075C750 /* SDWebImageCompat.m in Sources */,
				0E3FCEA12176D0470025DD61 /* HEMessageFactory.m in Sources */,
				0E3FCEDC21772C270025DD61 /* HEDeleteMessagesOption.m in Sources */,
				0EB7A4BB217608BD0075C750 /* FMDatabasePool.m in Sources */,
				0E3FCEE821773A0D0025DD61 /* HEUser.m in Sources */,
				0EB61BAE21798D4C00ED53BF /* Reachability.m in Sources */,
				0EB7A4BC217608BD0075C750 /* FMResultSet.m in Sources */,
				0E3FCEB82176D6850025DD61 /* HEHTTPSender.m in Sources */,
				0EB7A53B21760C180075C750 /* HEMessage.m in Sources */,
				0EB7A53E21760E010075C750 /* HEIMSDK.m in Sources */,
				0EB7A4BF217608BD0075C750 /* SDWebImageManager.m in Sources */,
				0E3FCEDF21772F1B0025DD61 /* HEMessageSearchOption.m in Sources */,
				0EB7A3E6217604C40075C750 /* AppDelegate.m in Sources */,
				0EB7A4C3217608BD0075C750 /* UIImage+GIF.m in Sources */,
				0EB7A4B9217608BD0075C750 /* FMDatabaseAdditions.m in Sources */,
				0E3FCEBE217709D80025DD61 /* HESession.m in Sources */,
				0EB61BB42179B5D400ED53BF /* HETCPSocketService.m in Sources */,
			);
			runOnlyForDeploymentPostprocessing = 0;
		};
		0EB7A3F5217604C50075C750 /* Sources */ = {
			isa = PBXSourcesBuildPhase;
			buildActionMask = 2147483647;
			files = (
				0EB7A3FE217604C50075C750 /* IMTests.m in Sources */,
			);
			runOnlyForDeploymentPostprocessing = 0;
		};
/* End PBXSourcesBuildPhase section */

/* Begin PBXTargetDependency section */
		0EB7A3FB217604C50075C750 /* PBXTargetDependency */ = {
			isa = PBXTargetDependency;
			target = 0EB7A3E0217604C40075C750 /* IM */;
			targetProxy = 0EB7A3FA217604C50075C750 /* PBXContainerItemProxy */;
		};
/* End PBXTargetDependency section */

/* Begin PBXVariantGroup section */
		0EB7A3EA217604C40075C750 /* Main.storyboard */ = {
			isa = PBXVariantGroup;
			children = (
				0EB7A3EB217604C40075C750 /* Base */,
			);
			name = Main.storyboard;
			sourceTree = "<group>";
		};
		0EB7A3EF217604C50075C750 /* LaunchScreen.storyboard */ = {
			isa = PBXVariantGroup;
			children = (
				0EB7A3F0217604C50075C750 /* Base */,
			);
			name = LaunchScreen.storyboard;
			sourceTree = "<group>";
		};
/* End PBXVariantGroup section */

/* Begin XCBuildConfiguration section */
		0EB7A400217604C50075C750 /* Debug */ = {
			isa = XCBuildConfiguration;
			buildSettings = {
				ALWAYS_SEARCH_USER_PATHS = NO;
				CLANG_ANALYZER_NONNULL = YES;
				CLANG_ANALYZER_NUMBER_OBJECT_CONVERSION = YES_AGGRESSIVE;
				CLANG_CXX_LANGUAGE_STANDARD = "gnu++14";
				CLANG_CXX_LIBRARY = "libc++";
				CLANG_ENABLE_MODULES = YES;
				CLANG_ENABLE_OBJC_ARC = YES;
				CLANG_ENABLE_OBJC_WEAK = YES;
				CLANG_WARN_BLOCK_CAPTURE_AUTORELEASING = YES;
				CLANG_WARN_BOOL_CONVERSION = YES;
				CLANG_WARN_COMMA = YES;
				CLANG_WARN_CONSTANT_CONVERSION = YES;
				CLANG_WARN_DEPRECATED_OBJC_IMPLEMENTATIONS = YES;
				CLANG_WARN_DIRECT_OBJC_ISA_USAGE = YES_ERROR;
				CLANG_WARN_DOCUMENTATION_COMMENTS = YES;
				CLANG_WARN_EMPTY_BODY = YES;
				CLANG_WARN_ENUM_CONVERSION = YES;
				CLANG_WARN_INFINITE_RECURSION = YES;
				CLANG_WARN_INT_CONVERSION = YES;
				CLANG_WARN_NON_LITERAL_NULL_CONVERSION = YES;
				CLANG_WARN_OBJC_IMPLICIT_RETAIN_SELF = YES;
				CLANG_WARN_OBJC_LITERAL_CONVERSION = YES;
				CLANG_WARN_OBJC_ROOT_CLASS = YES_ERROR;
				CLANG_WARN_RANGE_LOOP_ANALYSIS = YES;
				CLANG_WARN_STRICT_PROTOTYPES = YES;
				CLANG_WARN_SUSPICIOUS_MOVE = YES;
				CLANG_WARN_UNGUARDED_AVAILABILITY = YES_AGGRESSIVE;
				CLANG_WARN_UNREACHABLE_CODE = YES;
				CLANG_WARN__DUPLICATE_METHOD_MATCH = YES;
				CODE_SIGN_IDENTITY = "iPhone Developer";
				COPY_PHASE_STRIP = NO;
				DEBUG_INFORMATION_FORMAT = dwarf;
				ENABLE_STRICT_OBJC_MSGSEND = YES;
				ENABLE_TESTABILITY = YES;
				GCC_C_LANGUAGE_STANDARD = gnu11;
				GCC_DYNAMIC_NO_PIC = NO;
				GCC_NO_COMMON_BLOCKS = YES;
				GCC_OPTIMIZATION_LEVEL = 0;
				GCC_PREPROCESSOR_DEFINITIONS = (
					"DEBUG=1",
					"$(inherited)",
				);
				GCC_WARN_64_TO_32_BIT_CONVERSION = YES;
				GCC_WARN_ABOUT_RETURN_TYPE = YES_ERROR;
				GCC_WARN_UNDECLARED_SELECTOR = YES;
				GCC_WARN_UNINITIALIZED_AUTOS = YES_AGGRESSIVE;
				GCC_WARN_UNUSED_FUNCTION = YES;
				GCC_WARN_UNUSED_VARIABLE = YES;
				IPHONEOS_DEPLOYMENT_TARGET = 12.0;
				MTL_ENABLE_DEBUG_INFO = INCLUDE_SOURCE;
				MTL_FAST_MATH = YES;
				ONLY_ACTIVE_ARCH = YES;
				SDKROOT = iphoneos;
			};
			name = Debug;
		};
		0EB7A401217604C50075C750 /* Release */ = {
			isa = XCBuildConfiguration;
			buildSettings = {
				ALWAYS_SEARCH_USER_PATHS = NO;
				CLANG_ANALYZER_NONNULL = YES;
				CLANG_ANALYZER_NUMBER_OBJECT_CONVERSION = YES_AGGRESSIVE;
				CLANG_CXX_LANGUAGE_STANDARD = "gnu++14";
				CLANG_CXX_LIBRARY = "libc++";
				CLANG_ENABLE_MODULES = YES;
				CLANG_ENABLE_OBJC_ARC = YES;
				CLANG_ENABLE_OBJC_WEAK = YES;
				CLANG_WARN_BLOCK_CAPTURE_AUTORELEASING = YES;
				CLANG_WARN_BOOL_CONVERSION = YES;
				CLANG_WARN_COMMA = YES;
				CLANG_WARN_CONSTANT_CONVERSION = YES;
				CLANG_WARN_DEPRECATED_OBJC_IMPLEMENTATIONS = YES;
				CLANG_WARN_DIRECT_OBJC_ISA_USAGE = YES_ERROR;
				CLANG_WARN_DOCUMENTATION_COMMENTS = YES;
				CLANG_WARN_EMPTY_BODY = YES;
				CLANG_WARN_ENUM_CONVERSION = YES;
				CLANG_WARN_INFINITE_RECURSION = YES;
				CLANG_WARN_INT_CONVERSION = YES;
				CLANG_WARN_NON_LITERAL_NULL_CONVERSION = YES;
				CLANG_WARN_OBJC_IMPLICIT_RETAIN_SELF = YES;
				CLANG_WARN_OBJC_LITERAL_CONVERSION = YES;
				CLANG_WARN_OBJC_ROOT_CLASS = YES_ERROR;
				CLANG_WARN_RANGE_LOOP_ANALYSIS = YES;
				CLANG_WARN_STRICT_PROTOTYPES = YES;
				CLANG_WARN_SUSPICIOUS_MOVE = YES;
				CLANG_WARN_UNGUARDED_AVAILABILITY = YES_AGGRESSIVE;
				CLANG_WARN_UNREACHABLE_CODE = YES;
				CLANG_WARN__DUPLICATE_METHOD_MATCH = YES;
				CODE_SIGN_IDENTITY = "iPhone Developer";
				COPY_PHASE_STRIP = NO;
				DEBUG_INFORMATION_FORMAT = "dwarf-with-dsym";
				ENABLE_NS_ASSERTIONS = NO;
				ENABLE_STRICT_OBJC_MSGSEND = YES;
				GCC_C_LANGUAGE_STANDARD = gnu11;
				GCC_NO_COMMON_BLOCKS = YES;
				GCC_WARN_64_TO_32_BIT_CONVERSION = YES;
				GCC_WARN_ABOUT_RETURN_TYPE = YES_ERROR;
				GCC_WARN_UNDECLARED_SELECTOR = YES;
				GCC_WARN_UNINITIALIZED_AUTOS = YES_AGGRESSIVE;
				GCC_WARN_UNUSED_FUNCTION = YES;
				GCC_WARN_UNUSED_VARIABLE = YES;
				IPHONEOS_DEPLOYMENT_TARGET = 12.0;
				MTL_ENABLE_DEBUG_INFO = NO;
				MTL_FAST_MATH = YES;
				SDKROOT = iphoneos;
				VALIDATE_PRODUCT = YES;
			};
			name = Release;
		};
		0EB7A403217604C50075C750 /* Debug */ = {
			isa = XCBuildConfiguration;
			buildSettings = {
				ASSETCATALOG_COMPILER_APPICON_NAME = AppIcon;
				CODE_SIGN_STYLE = Automatic;
				DEVELOPMENT_TEAM = A5V52734ZW;
				GCC_PRECOMPILE_PREFIX_HEADER = YES;
				GCC_PREFIX_HEADER = "$(SRCROOT)/IM/Source/PrefixHeader.pch";
				INFOPLIST_FILE = IM/Source/Info.plist;
				LD_RUNPATH_SEARCH_PATHS = (
					"$(inherited)",
					"@executable_path/Frameworks",
				);
				PRODUCT_BUNDLE_IDENTIFIER = com.nigel.IM;
				PRODUCT_NAME = "$(TARGET_NAME)";
				TARGETED_DEVICE_FAMILY = "1,2";
			};
			name = Debug;
		};
		0EB7A404217604C50075C750 /* Release */ = {
			isa = XCBuildConfiguration;
			buildSettings = {
				ASSETCATALOG_COMPILER_APPICON_NAME = AppIcon;
				CODE_SIGN_STYLE = Automatic;
				DEVELOPMENT_TEAM = A5V52734ZW;
				GCC_PRECOMPILE_PREFIX_HEADER = YES;
				GCC_PREFIX_HEADER = "$(SRCROOT)/IM/Source/PrefixHeader.pch";
				INFOPLIST_FILE = IM/Source/Info.plist;
				LD_RUNPATH_SEARCH_PATHS = (
					"$(inherited)",
					"@executable_path/Frameworks",
				);
				PRODUCT_BUNDLE_IDENTIFIER = com.nigel.IM;
				PRODUCT_NAME = "$(TARGET_NAME)";
				TARGETED_DEVICE_FAMILY = "1,2";
			};
			name = Release;
		};
		0EB7A406217604C50075C750 /* Debug */ = {
			isa = XCBuildConfiguration;
			buildSettings = {
				BUNDLE_LOADER = "$(TEST_HOST)";
				CODE_SIGN_STYLE = Automatic;
				DEVELOPMENT_TEAM = A5V52734ZW;
				INFOPLIST_FILE = IMTests/Info.plist;
				LD_RUNPATH_SEARCH_PATHS = (
					"$(inherited)",
					"@executable_path/Frameworks",
					"@loader_path/Frameworks",
				);
				PRODUCT_BUNDLE_IDENTIFIER = com.nigel.IMTests;
				PRODUCT_NAME = "$(TARGET_NAME)";
				TARGETED_DEVICE_FAMILY = "1,2";
				TEST_HOST = "$(BUILT_PRODUCTS_DIR)/IM.app/IM";
			};
			name = Debug;
		};
		0EB7A407217604C50075C750 /* Release */ = {
			isa = XCBuildConfiguration;
			buildSettings = {
				BUNDLE_LOADER = "$(TEST_HOST)";
				CODE_SIGN_STYLE = Automatic;
				DEVELOPMENT_TEAM = A5V52734ZW;
				INFOPLIST_FILE = IMTests/Info.plist;
				LD_RUNPATH_SEARCH_PATHS = (
					"$(inherited)",
					"@executable_path/Frameworks",
					"@loader_path/Frameworks",
				);
				PRODUCT_BUNDLE_IDENTIFIER = com.nigel.IMTests;
				PRODUCT_NAME = "$(TARGET_NAME)";
				TARGETED_DEVICE_FAMILY = "1,2";
				TEST_HOST = "$(BUILT_PRODUCTS_DIR)/IM.app/IM";
			};
			name = Release;
		};
/* End XCBuildConfiguration section */

/* Begin XCConfigurationList section */
		0EB7A3DC217604C40075C750 /* Build configuration list for PBXProject "IM" */ = {
			isa = XCConfigurationList;
			buildConfigurations = (
				0EB7A400217604C50075C750 /* Debug */,
				0EB7A401217604C50075C750 /* Release */,
			);
			defaultConfigurationIsVisible = 0;
			defaultConfigurationName = Release;
		};
		0EB7A402217604C50075C750 /* Build configuration list for PBXNativeTarget "IM" */ = {
			isa = XCConfigurationList;
			buildConfigurations = (
				0EB7A403217604C50075C750 /* Debug */,
				0EB7A404217604C50075C750 /* Release */,
			);
			defaultConfigurationIsVisible = 0;
			defaultConfigurationName = Release;
		};
		0EB7A405217604C50075C750 /* Build configuration list for PBXNativeTarget "IMTests" */ = {
			isa = XCConfigurationList;
			buildConfigurations = (
				0EB7A406217604C50075C750 /* Debug */,
				0EB7A407217604C50075C750 /* Release */,
			);
			defaultConfigurationIsVisible = 0;
			defaultConfigurationName = Release;
		};
/* End XCConfigurationList section */
	};
	rootObject = 0EB7A3D9217604C40075C750 /* Project object */;
}
